
Microsoft Visual Studio Solution File, Format Version 12.00
# Visual Studio Version 16
VisualStudioVersion = 16.0.29926.136
MinimumVisualStudioVersion = 10.0.40219.1
Project("{8BC9CEB8-8B4A-11D0-8D11-00A0C91BC942}") = "MyStudy", "MyStudy\MyStudy.vcxproj", "{27A07355-1C5E-478B-B53A-BFE92E96C2A8}"
EndProject
Project("{8BC9CEB8-8B4A-11D0-8D11-00A0C91BC942}") = "ProjectA", "Project1\Project1.vcxproj", "{DC2727FA-A66E-450B-92F7-37F1663F1C5F}"
EndProject
Project("{2150E333-8FDC-42A3-9474-1A3956D46DE8}") = "CLang", "CLang", "{859C5EF4-B23B-4018-BCA7-8E4EFA8D0A87}"
EndProject
Project("{2150E333-8FDC-42A3-9474-1A3956D46DE8}") = "C++", "C++", "{F1BF1115-7B85-4971-B118-9F5356E9543B}"
EndProject
Project("{8BC9CEB8-8B4A-11D0-8D11-00A0C91BC942}") = "ProjectB", "Project2\Project2.vcxproj", "{7D38E07B-DB49-4545-9150-F66155F47AA8}"
EndProject
Project("{8BC9CEB8-8B4A-11D0-8D11-00A0C91BC942}") = "ProjectC", "ProjectC\ProjectC.vcxproj", "{4725CF66-0580-49D1-BD7A-0ABC6EC1C74A}"
EndProject
Project("{8BC9CEB8-8B4A-11D0-8D11-00A0C91BC942}") = "HashStudy", "HashStudy\HashStudy.vcxproj", "{EA874F5E-DC15-4B8A-9422-FF7A3BFEF441}"
EndProject
Project("{8BC9CEB8-8B4A-11D0-8D11-00A0C91BC942}") = "HashStudy2", "HashStudy2\HashStudy2.vcxproj", "{471907FA-5F38-486E-AFCC-4AC74AAA8888}"
EndProject
Project("{8BC9CEB8-8B4A-11D0-8D11-00A0C91BC942}") = "Sample.cpp", "Sample.cpp\Sample.cpp.vcxproj", "{BC91C624-BB43-475A-8535-75D3D0773B3F}"
EndProject
Project("{8BC9CEB8-8B4A-11D0-8D11-00A0C91BC942}") = "CLang_01", "CLang_01\CLang_01.vcxproj", "{730F502D-BE89-4770-9817-9741CE986736}"
EndProject
Project("{8BC9CEB8-8B4A-11D0-8D11-00A0C91BC942}") = "TempProj", "TempProj\TempProj.vcxproj", "{A48B4D6C-E300-4E16-91F6-42246C8F8F7A}"
EndProject
Project("{8BC9CEB8-8B4A-11D0-8D11-00A0C91BC942}") = "DiamongAndMagicSquare", "DiamongAndMagicSquare\DiamongAndMagicSquare.vcxproj", "{95E93002-746D-454B-BE50-4F8A26ECDC5B}"
EndProject
Project("{8BC9CEB8-8B4A-11D0-8D11-00A0C91BC942}") = "String_0", "String_0\String_0.vcxproj", "{F6828B2E-AC81-4811-AFED-5C62F5EF56BD}"
EndProject
Project("{8BC9CEB8-8B4A-11D0-8D11-00A0C91BC942}") = "sequense", "sequense\sequense.vcxproj", "{2483C41D-2BF8-42E3-87A2-00201040AAAD}"
EndProject
Project("{8BC9CEB8-8B4A-11D0-8D11-00A0C91BC942}") = "String_1", "String_1\String_1.vcxproj", "{B0673FC7-DD85-4330-8DC8-DC41256F4843}"
EndProject
Project("{8BC9CEB8-8B4A-11D0-8D11-00A0C91BC942}") = "StringStream", "StringStream\StringStream.vcxproj", "{3E1AB732-67C6-4210-B91F-F22F5100EE05}"
EndProject
Project("{8BC9CEB8-8B4A-11D0-8D11-00A0C91BC942}") = "AllCode", "AllCode\AllCode.vcxproj", "{46C49C87-9557-4F19-AE3D-29ADEACA1A58}"
EndProject
Project("{2150E333-8FDC-42A3-9474-1A3956D46DE8}") = "BOJ", "BOJ", "{566F6413-A523-4F3A-B915-1FD99E3680BB}"
EndProject
Project("{8BC9CEB8-8B4A-11D0-8D11-00A0C91BC942}") = "2839", "2839\2839.vcxproj", "{7331CE10-3C4E-479A-ABA5-E1EE38F954B0}"
EndProject
Project("{8BC9CEB8-8B4A-11D0-8D11-00A0C91BC942}") = "FILEIO_01", "FILEIO_01\FILEIO_01.vcxproj", "{3483C4B0-282A-45A4-98E9-415B82B4EA44}"
EndProject
Project("{2150E333-8FDC-42A3-9474-1A3956D46DE8}") = "Codesignal", "Codesignal", "{604DA44D-BF35-405D-97B5-58F5883EEA6C}"
EndProject
Project("{8BC9CEB8-8B4A-11D0-8D11-00A0C91BC942}") = "reversepathe", "reversepathe\reversepathe.vcxproj", "{4455C438-C1EE-450F-B047-768B0638500E}"
EndProject
Project("{8BC9CEB8-8B4A-11D0-8D11-00A0C91BC942}") = "JosephProblem", "JosephProblem\JosephProblem.vcxproj", "{3D4DE00C-AE34-43C5-BA43-FBC161F4B480}"
EndProject
Project("{8BC9CEB8-8B4A-11D0-8D11-00A0C91BC942}") = "Joseph", "Joseph\Joseph.vcxproj", "{E9A49106-AF89-436F-912F-89F87C33D015}"
EndProject
Project("{8BC9CEB8-8B4A-11D0-8D11-00A0C91BC942}") = "BoxBlur", "BoxBlur\BoxBlur.vcxproj", "{1F1D3712-2B8B-487F-9CF5-C520D07A2960}"
EndProject
Project("{8BC9CEB8-8B4A-11D0-8D11-00A0C91BC942}") = "StrEncoding", "StrEncoding\StrEncoding.vcxproj", "{5969603A-ED68-4C0A-BCD6-E04ACC976840}"
EndProject
Project("{8BC9CEB8-8B4A-11D0-8D11-00A0C91BC942}") = "ScoreBoard", "ScoreBoard\ScoreBoard.vcxproj", "{FC899DA9-B8CE-48E4-8C4F-CE605781507D}"
EndProject
Project("{8BC9CEB8-8B4A-11D0-8D11-00A0C91BC942}") = "StudyStream", "StudyStream\StudyStream.vcxproj", "{A745523F-2CE5-4FF6-A21A-EEA0838C7C2F}"
EndProject
Project("{8BC9CEB8-8B4A-11D0-8D11-00A0C91BC942}") = "BitSet", "BitSet\BitSet.vcxproj", "{F6264C1B-9398-419D-BFD7-5EA136850F1D}"
EndProject
Project("{8BC9CEB8-8B4A-11D0-8D11-00A0C91BC942}") = "CppStudy", "CppStudy\CppStudy.vcxproj", "{0281A91B-7216-4542-B415-5E273A766BA5}"
EndProject
Project("{8BC9CEB8-8B4A-11D0-8D11-00A0C91BC942}") = "HashTableSTLStyle", "HashTableSTLStyle\HashTableSTLStyle.vcxproj", "{115E84FB-D878-43D8-8F38-08A01A4BDD88}"
EndProject
Project("{8BC9CEB8-8B4A-11D0-8D11-00A0C91BC942}") = "StaticStudy", "StaticStudy\StaticStudy.vcxproj", "{8CA0DC79-2152-45AC-A31F-01C2238B4054}"
EndProject
Project("{8BC9CEB8-8B4A-11D0-8D11-00A0C91BC942}") = "Advanced_Template", "Advanced_Template\Advanced_Template.vcxproj", "{E480042F-E13B-4726-9FE4-5BC5A5586E1B}"
EndProject
Project("{2150E333-8FDC-42A3-9474-1A3956D46DE8}") = "C++_Advanced", "C++_Advanced", "{696F3BF0-00A8-4EE2-BF22-E6F0A89624B6}"
EndProject
Project("{8BC9CEB8-8B4A-11D0-8D11-00A0C91BC942}") = "List", "List\List.vcxproj", "{0D66E758-7E9B-4DD9-80A9-D5B3DD5A2D61}"
EndProject
Project("{8BC9CEB8-8B4A-11D0-8D11-00A0C91BC942}") = "_list", "_list\_list.vcxproj", "{8F45F275-4CDB-4E14-BFDF-5FCC87E8AFEA}"
EndProject
Project("{8BC9CEB8-8B4A-11D0-8D11-00A0C91BC942}") = "hash_map", "hash_map\hash_map.vcxproj", "{02BF35A6-7F80-4CAE-822A-66807BB3ADB3}"
EndProject
Project("{8BC9CEB8-8B4A-11D0-8D11-00A0C91BC942}") = "Sort_Study", "BubbleSort\BubbleSort.vcxproj", "{36545748-DC3A-4F64-8810-6D137569B0D6}"
EndProject
Project("{8BC9CEB8-8B4A-11D0-8D11-00A0C91BC942}") = "thread", "thread\thread.vcxproj", "{92637F74-A726-4332-A860-5430C3E39698}"
EndProject
Project("{8BC9CEB8-8B4A-11D0-8D11-00A0C91BC942}") = "2751_Quick_sort", "2751_Quick_sort\2751_Quick_sort.vcxproj", "{3762FBBD-54B9-4FE2-A8BC-AB7DF4CDA3A4}"
EndProject
Project("{8BC9CEB8-8B4A-11D0-8D11-00A0C91BC942}") = "KaKaoTest", "KaKaoTest\KaKaoTest.vcxproj", "{8053C124-E1BB-42F5-A810-D7FC71820E03}"
EndProject
Project("{8BC9CEB8-8B4A-11D0-8D11-00A0C91BC942}") = "1463_makeOne", "1463_makeOne\1463_makeOne.vcxproj", "{4A434435-F1E7-4124-8FC4-11118DD7D112}"
EndProject
Project("{8BC9CEB8-8B4A-11D0-8D11-00A0C91BC942}") = "multithread_Logger", "multithread_Logger\multithread_Logger.vcxproj", "{9CA17A62-6502-4D20-B973-A937F692CF42}"
EndProject
Project("{8BC9CEB8-8B4A-11D0-8D11-00A0C91BC942}") = "Object_Pool", "Object_Pool\Object_Pool.vcxproj", "{1805B45D-33F4-4A02-9EC4-6DC6BB5092A6}"
EndProject
Project("{8BC9CEB8-8B4A-11D0-8D11-00A0C91BC942}") = "debug_mode", "debug_mode\debug_mode.vcxproj", "{C277AA57-BFE7-4414-9460-8B740CEA0FC8}"
EndProject
Project("{8BC9CEB8-8B4A-11D0-8D11-00A0C91BC942}") = "thread_pool", "thread_pool\thread_pool.vcxproj", "{44E00055-A292-4AFE-9504-810999487299}"
EndProject
Project("{8BC9CEB8-8B4A-11D0-8D11-00A0C91BC942}") = "static_assert", "static_assert\static_assert.vcxproj", "{59A6A936-24D9-4E49-877C-CF2D1D948A43}"
EndProject
Project("{8BC9CEB8-8B4A-11D0-8D11-00A0C91BC942}") = "multi_thread", "multi_thread\multi_thread.vcxproj", "{DD93F740-0FD0-4171-AA0D-A0BD152CDFC1}"
EndProject
Project("{8BC9CEB8-8B4A-11D0-8D11-00A0C91BC942}") = "AVLTree", "AVLTree\AVLTree.vcxproj", "{7837B35B-1F1A-40AB-B634-81EA93319D56}"
EndProject
Project("{2150E333-8FDC-42A3-9474-1A3956D46DE8}") = "DataStructure_Algorithmn", "DataStructure_Algorithmn", "{FA27B872-9F2F-441C-8161-6CD59BEA1907}"
EndProject
Project("{8BC9CEB8-8B4A-11D0-8D11-00A0C91BC942}") = "MultiThread_Pratice", "MultiThread_Pratice\MultiThread_Pratice.vcxproj", "{78D16175-C4D8-4B53-BF43-44B7CAB8CB75}"
EndProject
Project("{8BC9CEB8-8B4A-11D0-8D11-00A0C91BC942}") = "multithread_pratice2", "multithread_pratice2\multithread_pratice2.vcxproj", "{CA8CD272-7F9B-43CE-9D07-C50256DF388E}"
EndProject
Project("{8BC9CEB8-8B4A-11D0-8D11-00A0C91BC942}") = "multi_thread_pratice3", "multi_thread_pratice3\multi_thread_pratice3.vcxproj", "{E3E14EB0-649C-4751-B81A-5717C397F780}"
EndProject
Project("{8BC9CEB8-8B4A-11D0-8D11-00A0C91BC942}") = "multi_thread_pratice4", "multi_thread_pratice4\multi_thread_pratice4.vcxproj", "{15DE0070-52ED-498C-8863-5674C7273E1C}"
EndProject
Project("{8BC9CEB8-8B4A-11D0-8D11-00A0C91BC942}") = "_Study_STD_Invoke_result", "_Study_STD_Invoke_result\_Study_STD_Invoke_result.vcxproj", "{124ED225-8A09-45CD-83B2-EFF756C2AB58}"
EndProject
Project("{2150E333-8FDC-42A3-9474-1A3956D46DE8}") = "ETC Field", "ETC Field", "{621CE85E-FEBB-4572-A3A4-721159530532}"
EndProject
Project("{8BC9CEB8-8B4A-11D0-8D11-00A0C91BC942}") = "C++17 Node_Extract", "Study_Temp_Field\Study_Temp_Field.vcxproj", "{C069C9C3-CD73-4AFD-AF37-7EDAAB84CF8B}"
EndProject
Project("{2150E333-8FDC-42A3-9474-1A3956D46DE8}") = "C++17", "C++17", "{1104DD7A-A3C7-413A-818B-E06CB35D3F49}"
EndProject
Project("{8BC9CEB8-8B4A-11D0-8D11-00A0C91BC942}") = "Hash equal_to template specialization", "unordered_map\unordered_map.vcxproj", "{A3EF0489-3924-4DDD-83A1-DFF6A82AA62C}"
EndProject
Project("{8BC9CEB8-8B4A-11D0-8D11-00A0C91BC942}") = "C++istream_iterator", "C++istream_iterator\C++istream_iterator.vcxproj", "{BABEAC72-6F10-40C0-BF5D-5C1A9F2232AB}"
EndProject
Project("{8BC9CEB8-8B4A-11D0-8D11-00A0C91BC942}") = "priority_queue", "priority_queue\priority_queue.vcxproj", "{53A44AD3-1730-4314-A1EA-8D24ED4E4958}"
EndProject
Global
	GlobalSection(SolutionConfigurationPlatforms) = preSolution
		Debug|x64 = Debug|x64
		Debug|x86 = Debug|x86
		Release|x64 = Release|x64
		Release|x86 = Release|x86
	EndGlobalSection
	GlobalSection(ProjectConfigurationPlatforms) = postSolution
		{27A07355-1C5E-478B-B53A-BFE92E96C2A8}.Debug|x64.ActiveCfg = Debug|x64
		{27A07355-1C5E-478B-B53A-BFE92E96C2A8}.Debug|x64.Build.0 = Debug|x64
		{27A07355-1C5E-478B-B53A-BFE92E96C2A8}.Debug|x86.ActiveCfg = Debug|Win32
		{27A07355-1C5E-478B-B53A-BFE92E96C2A8}.Debug|x86.Build.0 = Debug|Win32
		{27A07355-1C5E-478B-B53A-BFE92E96C2A8}.Release|x64.ActiveCfg = Release|x64
		{27A07355-1C5E-478B-B53A-BFE92E96C2A8}.Release|x64.Build.0 = Release|x64
		{27A07355-1C5E-478B-B53A-BFE92E96C2A8}.Release|x86.ActiveCfg = Release|Win32
		{27A07355-1C5E-478B-B53A-BFE92E96C2A8}.Release|x86.Build.0 = Release|Win32
		{DC2727FA-A66E-450B-92F7-37F1663F1C5F}.Debug|x64.ActiveCfg = Debug|x64
		{DC2727FA-A66E-450B-92F7-37F1663F1C5F}.Debug|x64.Build.0 = Debug|x64
		{DC2727FA-A66E-450B-92F7-37F1663F1C5F}.Debug|x86.ActiveCfg = Debug|Win32
		{DC2727FA-A66E-450B-92F7-37F1663F1C5F}.Debug|x86.Build.0 = Debug|Win32
		{DC2727FA-A66E-450B-92F7-37F1663F1C5F}.Release|x64.ActiveCfg = Release|x64
		{DC2727FA-A66E-450B-92F7-37F1663F1C5F}.Release|x64.Build.0 = Release|x64
		{DC2727FA-A66E-450B-92F7-37F1663F1C5F}.Release|x86.ActiveCfg = Release|Win32
		{DC2727FA-A66E-450B-92F7-37F1663F1C5F}.Release|x86.Build.0 = Release|Win32
		{7D38E07B-DB49-4545-9150-F66155F47AA8}.Debug|x64.ActiveCfg = Debug|x64
		{7D38E07B-DB49-4545-9150-F66155F47AA8}.Debug|x64.Build.0 = Debug|x64
		{7D38E07B-DB49-4545-9150-F66155F47AA8}.Debug|x86.ActiveCfg = Debug|Win32
		{7D38E07B-DB49-4545-9150-F66155F47AA8}.Debug|x86.Build.0 = Debug|Win32
		{7D38E07B-DB49-4545-9150-F66155F47AA8}.Release|x64.ActiveCfg = Release|x64
		{7D38E07B-DB49-4545-9150-F66155F47AA8}.Release|x64.Build.0 = Release|x64
		{7D38E07B-DB49-4545-9150-F66155F47AA8}.Release|x86.ActiveCfg = Release|Win32
		{7D38E07B-DB49-4545-9150-F66155F47AA8}.Release|x86.Build.0 = Release|Win32
		{4725CF66-0580-49D1-BD7A-0ABC6EC1C74A}.Debug|x64.ActiveCfg = Debug|x64
		{4725CF66-0580-49D1-BD7A-0ABC6EC1C74A}.Debug|x64.Build.0 = Debug|x64
		{4725CF66-0580-49D1-BD7A-0ABC6EC1C74A}.Debug|x86.ActiveCfg = Debug|Win32
		{4725CF66-0580-49D1-BD7A-0ABC6EC1C74A}.Debug|x86.Build.0 = Debug|Win32
		{4725CF66-0580-49D1-BD7A-0ABC6EC1C74A}.Release|x64.ActiveCfg = Release|x64
		{4725CF66-0580-49D1-BD7A-0ABC6EC1C74A}.Release|x64.Build.0 = Release|x64
		{4725CF66-0580-49D1-BD7A-0ABC6EC1C74A}.Release|x86.ActiveCfg = Release|Win32
		{4725CF66-0580-49D1-BD7A-0ABC6EC1C74A}.Release|x86.Build.0 = Release|Win32
		{EA874F5E-DC15-4B8A-9422-FF7A3BFEF441}.Debug|x64.ActiveCfg = Debug|x64
		{EA874F5E-DC15-4B8A-9422-FF7A3BFEF441}.Debug|x64.Build.0 = Debug|x64
		{EA874F5E-DC15-4B8A-9422-FF7A3BFEF441}.Debug|x86.ActiveCfg = Debug|Win32
		{EA874F5E-DC15-4B8A-9422-FF7A3BFEF441}.Debug|x86.Build.0 = Debug|Win32
		{EA874F5E-DC15-4B8A-9422-FF7A3BFEF441}.Release|x64.ActiveCfg = Release|x64
		{EA874F5E-DC15-4B8A-9422-FF7A3BFEF441}.Release|x64.Build.0 = Release|x64
		{EA874F5E-DC15-4B8A-9422-FF7A3BFEF441}.Release|x86.ActiveCfg = Release|Win32
		{EA874F5E-DC15-4B8A-9422-FF7A3BFEF441}.Release|x86.Build.0 = Release|Win32
		{471907FA-5F38-486E-AFCC-4AC74AAA8888}.Debug|x64.ActiveCfg = Debug|x64
		{471907FA-5F38-486E-AFCC-4AC74AAA8888}.Debug|x64.Build.0 = Debug|x64
		{471907FA-5F38-486E-AFCC-4AC74AAA8888}.Debug|x86.ActiveCfg = Debug|Win32
		{471907FA-5F38-486E-AFCC-4AC74AAA8888}.Debug|x86.Build.0 = Debug|Win32
		{471907FA-5F38-486E-AFCC-4AC74AAA8888}.Release|x64.ActiveCfg = Release|x64
		{471907FA-5F38-486E-AFCC-4AC74AAA8888}.Release|x64.Build.0 = Release|x64
		{471907FA-5F38-486E-AFCC-4AC74AAA8888}.Release|x86.ActiveCfg = Release|Win32
		{471907FA-5F38-486E-AFCC-4AC74AAA8888}.Release|x86.Build.0 = Release|Win32
		{BC91C624-BB43-475A-8535-75D3D0773B3F}.Debug|x64.ActiveCfg = Debug|x64
		{BC91C624-BB43-475A-8535-75D3D0773B3F}.Debug|x64.Build.0 = Debug|x64
		{BC91C624-BB43-475A-8535-75D3D0773B3F}.Debug|x86.ActiveCfg = Debug|Win32
		{BC91C624-BB43-475A-8535-75D3D0773B3F}.Debug|x86.Build.0 = Debug|Win32
		{BC91C624-BB43-475A-8535-75D3D0773B3F}.Release|x64.ActiveCfg = Release|x64
		{BC91C624-BB43-475A-8535-75D3D0773B3F}.Release|x64.Build.0 = Release|x64
		{BC91C624-BB43-475A-8535-75D3D0773B3F}.Release|x86.ActiveCfg = Release|Win32
		{BC91C624-BB43-475A-8535-75D3D0773B3F}.Release|x86.Build.0 = Release|Win32
		{730F502D-BE89-4770-9817-9741CE986736}.Debug|x64.ActiveCfg = Debug|x64
		{730F502D-BE89-4770-9817-9741CE986736}.Debug|x64.Build.0 = Debug|x64
		{730F502D-BE89-4770-9817-9741CE986736}.Debug|x86.ActiveCfg = Debug|Win32
		{730F502D-BE89-4770-9817-9741CE986736}.Debug|x86.Build.0 = Debug|Win32
		{730F502D-BE89-4770-9817-9741CE986736}.Release|x64.ActiveCfg = Release|x64
		{730F502D-BE89-4770-9817-9741CE986736}.Release|x64.Build.0 = Release|x64
		{730F502D-BE89-4770-9817-9741CE986736}.Release|x86.ActiveCfg = Release|Win32
		{730F502D-BE89-4770-9817-9741CE986736}.Release|x86.Build.0 = Release|Win32
		{A48B4D6C-E300-4E16-91F6-42246C8F8F7A}.Debug|x64.ActiveCfg = Debug|x64
		{A48B4D6C-E300-4E16-91F6-42246C8F8F7A}.Debug|x64.Build.0 = Debug|x64
		{A48B4D6C-E300-4E16-91F6-42246C8F8F7A}.Debug|x86.ActiveCfg = Debug|Win32
		{A48B4D6C-E300-4E16-91F6-42246C8F8F7A}.Debug|x86.Build.0 = Debug|Win32
		{A48B4D6C-E300-4E16-91F6-42246C8F8F7A}.Release|x64.ActiveCfg = Release|x64
		{A48B4D6C-E300-4E16-91F6-42246C8F8F7A}.Release|x64.Build.0 = Release|x64
		{A48B4D6C-E300-4E16-91F6-42246C8F8F7A}.Release|x86.ActiveCfg = Release|Win32
		{A48B4D6C-E300-4E16-91F6-42246C8F8F7A}.Release|x86.Build.0 = Release|Win32
		{95E93002-746D-454B-BE50-4F8A26ECDC5B}.Debug|x64.ActiveCfg = Debug|x64
		{95E93002-746D-454B-BE50-4F8A26ECDC5B}.Debug|x64.Build.0 = Debug|x64
		{95E93002-746D-454B-BE50-4F8A26ECDC5B}.Debug|x86.ActiveCfg = Debug|Win32
		{95E93002-746D-454B-BE50-4F8A26ECDC5B}.Debug|x86.Build.0 = Debug|Win32
		{95E93002-746D-454B-BE50-4F8A26ECDC5B}.Release|x64.ActiveCfg = Release|x64
		{95E93002-746D-454B-BE50-4F8A26ECDC5B}.Release|x64.Build.0 = Release|x64
		{95E93002-746D-454B-BE50-4F8A26ECDC5B}.Release|x86.ActiveCfg = Release|Win32
		{95E93002-746D-454B-BE50-4F8A26ECDC5B}.Release|x86.Build.0 = Release|Win32
		{F6828B2E-AC81-4811-AFED-5C62F5EF56BD}.Debug|x64.ActiveCfg = Debug|x64
		{F6828B2E-AC81-4811-AFED-5C62F5EF56BD}.Debug|x64.Build.0 = Debug|x64
		{F6828B2E-AC81-4811-AFED-5C62F5EF56BD}.Debug|x86.ActiveCfg = Debug|Win32
		{F6828B2E-AC81-4811-AFED-5C62F5EF56BD}.Debug|x86.Build.0 = Debug|Win32
		{F6828B2E-AC81-4811-AFED-5C62F5EF56BD}.Release|x64.ActiveCfg = Release|x64
		{F6828B2E-AC81-4811-AFED-5C62F5EF56BD}.Release|x64.Build.0 = Release|x64
		{F6828B2E-AC81-4811-AFED-5C62F5EF56BD}.Release|x86.ActiveCfg = Release|Win32
		{F6828B2E-AC81-4811-AFED-5C62F5EF56BD}.Release|x86.Build.0 = Release|Win32
		{2483C41D-2BF8-42E3-87A2-00201040AAAD}.Debug|x64.ActiveCfg = Debug|x64
		{2483C41D-2BF8-42E3-87A2-00201040AAAD}.Debug|x64.Build.0 = Debug|x64
		{2483C41D-2BF8-42E3-87A2-00201040AAAD}.Debug|x86.ActiveCfg = Debug|Win32
		{2483C41D-2BF8-42E3-87A2-00201040AAAD}.Debug|x86.Build.0 = Debug|Win32
		{2483C41D-2BF8-42E3-87A2-00201040AAAD}.Release|x64.ActiveCfg = Release|x64
		{2483C41D-2BF8-42E3-87A2-00201040AAAD}.Release|x64.Build.0 = Release|x64
		{2483C41D-2BF8-42E3-87A2-00201040AAAD}.Release|x86.ActiveCfg = Release|Win32
		{2483C41D-2BF8-42E3-87A2-00201040AAAD}.Release|x86.Build.0 = Release|Win32
		{B0673FC7-DD85-4330-8DC8-DC41256F4843}.Debug|x64.ActiveCfg = Debug|x64
		{B0673FC7-DD85-4330-8DC8-DC41256F4843}.Debug|x64.Build.0 = Debug|x64
		{B0673FC7-DD85-4330-8DC8-DC41256F4843}.Debug|x86.ActiveCfg = Debug|Win32
		{B0673FC7-DD85-4330-8DC8-DC41256F4843}.Debug|x86.Build.0 = Debug|Win32
		{B0673FC7-DD85-4330-8DC8-DC41256F4843}.Release|x64.ActiveCfg = Release|x64
		{B0673FC7-DD85-4330-8DC8-DC41256F4843}.Release|x64.Build.0 = Release|x64
		{B0673FC7-DD85-4330-8DC8-DC41256F4843}.Release|x86.ActiveCfg = Release|Win32
		{B0673FC7-DD85-4330-8DC8-DC41256F4843}.Release|x86.Build.0 = Release|Win32
		{3E1AB732-67C6-4210-B91F-F22F5100EE05}.Debug|x64.ActiveCfg = Debug|x64
		{3E1AB732-67C6-4210-B91F-F22F5100EE05}.Debug|x64.Build.0 = Debug|x64
		{3E1AB732-67C6-4210-B91F-F22F5100EE05}.Debug|x86.ActiveCfg = Debug|Win32
		{3E1AB732-67C6-4210-B91F-F22F5100EE05}.Debug|x86.Build.0 = Debug|Win32
		{3E1AB732-67C6-4210-B91F-F22F5100EE05}.Release|x64.ActiveCfg = Release|x64
		{3E1AB732-67C6-4210-B91F-F22F5100EE05}.Release|x64.Build.0 = Release|x64
		{3E1AB732-67C6-4210-B91F-F22F5100EE05}.Release|x86.ActiveCfg = Release|Win32
		{3E1AB732-67C6-4210-B91F-F22F5100EE05}.Release|x86.Build.0 = Release|Win32
		{46C49C87-9557-4F19-AE3D-29ADEACA1A58}.Debug|x64.ActiveCfg = Debug|x64
		{46C49C87-9557-4F19-AE3D-29ADEACA1A58}.Debug|x64.Build.0 = Debug|x64
		{46C49C87-9557-4F19-AE3D-29ADEACA1A58}.Debug|x86.ActiveCfg = Debug|Win32
		{46C49C87-9557-4F19-AE3D-29ADEACA1A58}.Debug|x86.Build.0 = Debug|Win32
		{46C49C87-9557-4F19-AE3D-29ADEACA1A58}.Release|x64.ActiveCfg = Release|x64
		{46C49C87-9557-4F19-AE3D-29ADEACA1A58}.Release|x64.Build.0 = Release|x64
		{46C49C87-9557-4F19-AE3D-29ADEACA1A58}.Release|x86.ActiveCfg = Release|Win32
		{46C49C87-9557-4F19-AE3D-29ADEACA1A58}.Release|x86.Build.0 = Release|Win32
		{7331CE10-3C4E-479A-ABA5-E1EE38F954B0}.Debug|x64.ActiveCfg = Debug|x64
		{7331CE10-3C4E-479A-ABA5-E1EE38F954B0}.Debug|x64.Build.0 = Debug|x64
		{7331CE10-3C4E-479A-ABA5-E1EE38F954B0}.Debug|x86.ActiveCfg = Debug|Win32
		{7331CE10-3C4E-479A-ABA5-E1EE38F954B0}.Debug|x86.Build.0 = Debug|Win32
		{7331CE10-3C4E-479A-ABA5-E1EE38F954B0}.Release|x64.ActiveCfg = Release|x64
		{7331CE10-3C4E-479A-ABA5-E1EE38F954B0}.Release|x64.Build.0 = Release|x64
		{7331CE10-3C4E-479A-ABA5-E1EE38F954B0}.Release|x86.ActiveCfg = Release|Win32
		{7331CE10-3C4E-479A-ABA5-E1EE38F954B0}.Release|x86.Build.0 = Release|Win32
		{3483C4B0-282A-45A4-98E9-415B82B4EA44}.Debug|x64.ActiveCfg = Debug|x64
		{3483C4B0-282A-45A4-98E9-415B82B4EA44}.Debug|x64.Build.0 = Debug|x64
		{3483C4B0-282A-45A4-98E9-415B82B4EA44}.Debug|x86.ActiveCfg = Debug|Win32
		{3483C4B0-282A-45A4-98E9-415B82B4EA44}.Debug|x86.Build.0 = Debug|Win32
		{3483C4B0-282A-45A4-98E9-415B82B4EA44}.Release|x64.ActiveCfg = Release|x64
		{3483C4B0-282A-45A4-98E9-415B82B4EA44}.Release|x64.Build.0 = Release|x64
		{3483C4B0-282A-45A4-98E9-415B82B4EA44}.Release|x86.ActiveCfg = Release|Win32
		{3483C4B0-282A-45A4-98E9-415B82B4EA44}.Release|x86.Build.0 = Release|Win32
		{4455C438-C1EE-450F-B047-768B0638500E}.Debug|x64.ActiveCfg = Debug|x64
		{4455C438-C1EE-450F-B047-768B0638500E}.Debug|x64.Build.0 = Debug|x64
		{4455C438-C1EE-450F-B047-768B0638500E}.Debug|x86.ActiveCfg = Debug|Win32
		{4455C438-C1EE-450F-B047-768B0638500E}.Debug|x86.Build.0 = Debug|Win32
		{4455C438-C1EE-450F-B047-768B0638500E}.Release|x64.ActiveCfg = Release|x64
		{4455C438-C1EE-450F-B047-768B0638500E}.Release|x64.Build.0 = Release|x64
		{4455C438-C1EE-450F-B047-768B0638500E}.Release|x86.ActiveCfg = Release|Win32
		{4455C438-C1EE-450F-B047-768B0638500E}.Release|x86.Build.0 = Release|Win32
		{3D4DE00C-AE34-43C5-BA43-FBC161F4B480}.Debug|x64.ActiveCfg = Debug|x64
		{3D4DE00C-AE34-43C5-BA43-FBC161F4B480}.Debug|x64.Build.0 = Debug|x64
		{3D4DE00C-AE34-43C5-BA43-FBC161F4B480}.Debug|x86.ActiveCfg = Debug|Win32
		{3D4DE00C-AE34-43C5-BA43-FBC161F4B480}.Debug|x86.Build.0 = Debug|Win32
		{3D4DE00C-AE34-43C5-BA43-FBC161F4B480}.Release|x64.ActiveCfg = Release|x64
		{3D4DE00C-AE34-43C5-BA43-FBC161F4B480}.Release|x64.Build.0 = Release|x64
		{3D4DE00C-AE34-43C5-BA43-FBC161F4B480}.Release|x86.ActiveCfg = Release|Win32
		{3D4DE00C-AE34-43C5-BA43-FBC161F4B480}.Release|x86.Build.0 = Release|Win32
		{E9A49106-AF89-436F-912F-89F87C33D015}.Debug|x64.ActiveCfg = Debug|x64
		{E9A49106-AF89-436F-912F-89F87C33D015}.Debug|x64.Build.0 = Debug|x64
		{E9A49106-AF89-436F-912F-89F87C33D015}.Debug|x86.ActiveCfg = Debug|Win32
		{E9A49106-AF89-436F-912F-89F87C33D015}.Debug|x86.Build.0 = Debug|Win32
		{E9A49106-AF89-436F-912F-89F87C33D015}.Release|x64.ActiveCfg = Release|x64
		{E9A49106-AF89-436F-912F-89F87C33D015}.Release|x64.Build.0 = Release|x64
		{E9A49106-AF89-436F-912F-89F87C33D015}.Release|x86.ActiveCfg = Release|Win32
		{E9A49106-AF89-436F-912F-89F87C33D015}.Release|x86.Build.0 = Release|Win32
		{1F1D3712-2B8B-487F-9CF5-C520D07A2960}.Debug|x64.ActiveCfg = Debug|x64
		{1F1D3712-2B8B-487F-9CF5-C520D07A2960}.Debug|x64.Build.0 = Debug|x64
		{1F1D3712-2B8B-487F-9CF5-C520D07A2960}.Debug|x86.ActiveCfg = Debug|Win32
		{1F1D3712-2B8B-487F-9CF5-C520D07A2960}.Debug|x86.Build.0 = Debug|Win32
		{1F1D3712-2B8B-487F-9CF5-C520D07A2960}.Release|x64.ActiveCfg = Release|x64
		{1F1D3712-2B8B-487F-9CF5-C520D07A2960}.Release|x64.Build.0 = Release|x64
		{1F1D3712-2B8B-487F-9CF5-C520D07A2960}.Release|x86.ActiveCfg = Release|Win32
		{1F1D3712-2B8B-487F-9CF5-C520D07A2960}.Release|x86.Build.0 = Release|Win32
		{5969603A-ED68-4C0A-BCD6-E04ACC976840}.Debug|x64.ActiveCfg = Debug|x64
		{5969603A-ED68-4C0A-BCD6-E04ACC976840}.Debug|x64.Build.0 = Debug|x64
		{5969603A-ED68-4C0A-BCD6-E04ACC976840}.Debug|x86.ActiveCfg = Debug|Win32
		{5969603A-ED68-4C0A-BCD6-E04ACC976840}.Debug|x86.Build.0 = Debug|Win32
		{5969603A-ED68-4C0A-BCD6-E04ACC976840}.Release|x64.ActiveCfg = Release|x64
		{5969603A-ED68-4C0A-BCD6-E04ACC976840}.Release|x64.Build.0 = Release|x64
		{5969603A-ED68-4C0A-BCD6-E04ACC976840}.Release|x86.ActiveCfg = Release|Win32
		{5969603A-ED68-4C0A-BCD6-E04ACC976840}.Release|x86.Build.0 = Release|Win32
		{FC899DA9-B8CE-48E4-8C4F-CE605781507D}.Debug|x64.ActiveCfg = Debug|x64
		{FC899DA9-B8CE-48E4-8C4F-CE605781507D}.Debug|x64.Build.0 = Debug|x64
		{FC899DA9-B8CE-48E4-8C4F-CE605781507D}.Debug|x86.ActiveCfg = Debug|Win32
		{FC899DA9-B8CE-48E4-8C4F-CE605781507D}.Debug|x86.Build.0 = Debug|Win32
		{FC899DA9-B8CE-48E4-8C4F-CE605781507D}.Release|x64.ActiveCfg = Release|x64
		{FC899DA9-B8CE-48E4-8C4F-CE605781507D}.Release|x64.Build.0 = Release|x64
		{FC899DA9-B8CE-48E4-8C4F-CE605781507D}.Release|x86.ActiveCfg = Release|Win32
		{FC899DA9-B8CE-48E4-8C4F-CE605781507D}.Release|x86.Build.0 = Release|Win32
		{A745523F-2CE5-4FF6-A21A-EEA0838C7C2F}.Debug|x64.ActiveCfg = Debug|x64
		{A745523F-2CE5-4FF6-A21A-EEA0838C7C2F}.Debug|x64.Build.0 = Debug|x64
		{A745523F-2CE5-4FF6-A21A-EEA0838C7C2F}.Debug|x86.ActiveCfg = Debug|Win32
		{A745523F-2CE5-4FF6-A21A-EEA0838C7C2F}.Debug|x86.Build.0 = Debug|Win32
		{A745523F-2CE5-4FF6-A21A-EEA0838C7C2F}.Release|x64.ActiveCfg = Release|x64
		{A745523F-2CE5-4FF6-A21A-EEA0838C7C2F}.Release|x64.Build.0 = Release|x64
		{A745523F-2CE5-4FF6-A21A-EEA0838C7C2F}.Release|x86.ActiveCfg = Release|Win32
		{A745523F-2CE5-4FF6-A21A-EEA0838C7C2F}.Release|x86.Build.0 = Release|Win32
		{F6264C1B-9398-419D-BFD7-5EA136850F1D}.Debug|x64.ActiveCfg = Debug|x64
		{F6264C1B-9398-419D-BFD7-5EA136850F1D}.Debug|x64.Build.0 = Debug|x64
		{F6264C1B-9398-419D-BFD7-5EA136850F1D}.Debug|x86.ActiveCfg = Debug|Win32
		{F6264C1B-9398-419D-BFD7-5EA136850F1D}.Debug|x86.Build.0 = Debug|Win32
		{F6264C1B-9398-419D-BFD7-5EA136850F1D}.Release|x64.ActiveCfg = Release|x64
		{F6264C1B-9398-419D-BFD7-5EA136850F1D}.Release|x64.Build.0 = Release|x64
		{F6264C1B-9398-419D-BFD7-5EA136850F1D}.Release|x86.ActiveCfg = Release|Win32
		{F6264C1B-9398-419D-BFD7-5EA136850F1D}.Release|x86.Build.0 = Release|Win32
		{0281A91B-7216-4542-B415-5E273A766BA5}.Debug|x64.ActiveCfg = Debug|x64
		{0281A91B-7216-4542-B415-5E273A766BA5}.Debug|x64.Build.0 = Debug|x64
		{0281A91B-7216-4542-B415-5E273A766BA5}.Debug|x86.ActiveCfg = Debug|Win32
		{0281A91B-7216-4542-B415-5E273A766BA5}.Debug|x86.Build.0 = Debug|Win32
		{0281A91B-7216-4542-B415-5E273A766BA5}.Release|x64.ActiveCfg = Release|x64
		{0281A91B-7216-4542-B415-5E273A766BA5}.Release|x64.Build.0 = Release|x64
		{0281A91B-7216-4542-B415-5E273A766BA5}.Release|x86.ActiveCfg = Release|Win32
		{0281A91B-7216-4542-B415-5E273A766BA5}.Release|x86.Build.0 = Release|Win32
		{115E84FB-D878-43D8-8F38-08A01A4BDD88}.Debug|x64.ActiveCfg = Debug|x64
		{115E84FB-D878-43D8-8F38-08A01A4BDD88}.Debug|x64.Build.0 = Debug|x64
		{115E84FB-D878-43D8-8F38-08A01A4BDD88}.Debug|x86.ActiveCfg = Debug|Win32
		{115E84FB-D878-43D8-8F38-08A01A4BDD88}.Debug|x86.Build.0 = Debug|Win32
		{115E84FB-D878-43D8-8F38-08A01A4BDD88}.Release|x64.ActiveCfg = Release|x64
		{115E84FB-D878-43D8-8F38-08A01A4BDD88}.Release|x64.Build.0 = Release|x64
		{115E84FB-D878-43D8-8F38-08A01A4BDD88}.Release|x86.ActiveCfg = Release|Win32
		{115E84FB-D878-43D8-8F38-08A01A4BDD88}.Release|x86.Build.0 = Release|Win32
		{8CA0DC79-2152-45AC-A31F-01C2238B4054}.Debug|x64.ActiveCfg = Debug|x64
		{8CA0DC79-2152-45AC-A31F-01C2238B4054}.Debug|x64.Build.0 = Debug|x64
		{8CA0DC79-2152-45AC-A31F-01C2238B4054}.Debug|x86.ActiveCfg = Debug|Win32
		{8CA0DC79-2152-45AC-A31F-01C2238B4054}.Debug|x86.Build.0 = Debug|Win32
		{8CA0DC79-2152-45AC-A31F-01C2238B4054}.Release|x64.ActiveCfg = Release|x64
		{8CA0DC79-2152-45AC-A31F-01C2238B4054}.Release|x64.Build.0 = Release|x64
		{8CA0DC79-2152-45AC-A31F-01C2238B4054}.Release|x86.ActiveCfg = Release|Win32
		{8CA0DC79-2152-45AC-A31F-01C2238B4054}.Release|x86.Build.0 = Release|Win32
		{E480042F-E13B-4726-9FE4-5BC5A5586E1B}.Debug|x64.ActiveCfg = Debug|x64
		{E480042F-E13B-4726-9FE4-5BC5A5586E1B}.Debug|x64.Build.0 = Debug|x64
		{E480042F-E13B-4726-9FE4-5BC5A5586E1B}.Debug|x86.ActiveCfg = Debug|Win32
		{E480042F-E13B-4726-9FE4-5BC5A5586E1B}.Debug|x86.Build.0 = Debug|Win32
		{E480042F-E13B-4726-9FE4-5BC5A5586E1B}.Release|x64.ActiveCfg = Release|x64
		{E480042F-E13B-4726-9FE4-5BC5A5586E1B}.Release|x64.Build.0 = Release|x64
		{E480042F-E13B-4726-9FE4-5BC5A5586E1B}.Release|x86.ActiveCfg = Release|Win32
		{E480042F-E13B-4726-9FE4-5BC5A5586E1B}.Release|x86.Build.0 = Release|Win32
		{0D66E758-7E9B-4DD9-80A9-D5B3DD5A2D61}.Debug|x64.ActiveCfg = Debug|x64
		{0D66E758-7E9B-4DD9-80A9-D5B3DD5A2D61}.Debug|x64.Build.0 = Debug|x64
		{0D66E758-7E9B-4DD9-80A9-D5B3DD5A2D61}.Debug|x86.ActiveCfg = Debug|Win32
		{0D66E758-7E9B-4DD9-80A9-D5B3DD5A2D61}.Debug|x86.Build.0 = Debug|Win32
		{0D66E758-7E9B-4DD9-80A9-D5B3DD5A2D61}.Release|x64.ActiveCfg = Release|x64
		{0D66E758-7E9B-4DD9-80A9-D5B3DD5A2D61}.Release|x64.Build.0 = Release|x64
		{0D66E758-7E9B-4DD9-80A9-D5B3DD5A2D61}.Release|x86.ActiveCfg = Release|Win32
		{0D66E758-7E9B-4DD9-80A9-D5B3DD5A2D61}.Release|x86.Build.0 = Release|Win32
		{8F45F275-4CDB-4E14-BFDF-5FCC87E8AFEA}.Debug|x64.ActiveCfg = Debug|x64
		{8F45F275-4CDB-4E14-BFDF-5FCC87E8AFEA}.Debug|x64.Build.0 = Debug|x64
		{8F45F275-4CDB-4E14-BFDF-5FCC87E8AFEA}.Debug|x86.ActiveCfg = Debug|Win32
		{8F45F275-4CDB-4E14-BFDF-5FCC87E8AFEA}.Debug|x86.Build.0 = Debug|Win32
		{8F45F275-4CDB-4E14-BFDF-5FCC87E8AFEA}.Release|x64.ActiveCfg = Release|x64
		{8F45F275-4CDB-4E14-BFDF-5FCC87E8AFEA}.Release|x64.Build.0 = Release|x64
		{8F45F275-4CDB-4E14-BFDF-5FCC87E8AFEA}.Release|x86.ActiveCfg = Release|Win32
		{8F45F275-4CDB-4E14-BFDF-5FCC87E8AFEA}.Release|x86.Build.0 = Release|Win32
		{02BF35A6-7F80-4CAE-822A-66807BB3ADB3}.Debug|x64.ActiveCfg = Debug|x64
		{02BF35A6-7F80-4CAE-822A-66807BB3ADB3}.Debug|x64.Build.0 = Debug|x64
		{02BF35A6-7F80-4CAE-822A-66807BB3ADB3}.Debug|x86.ActiveCfg = Debug|Win32
		{02BF35A6-7F80-4CAE-822A-66807BB3ADB3}.Debug|x86.Build.0 = Debug|Win32
		{02BF35A6-7F80-4CAE-822A-66807BB3ADB3}.Release|x64.ActiveCfg = Release|x64
		{02BF35A6-7F80-4CAE-822A-66807BB3ADB3}.Release|x64.Build.0 = Release|x64
		{02BF35A6-7F80-4CAE-822A-66807BB3ADB3}.Release|x86.ActiveCfg = Release|Win32
		{02BF35A6-7F80-4CAE-822A-66807BB3ADB3}.Release|x86.Build.0 = Release|Win32
		{36545748-DC3A-4F64-8810-6D137569B0D6}.Debug|x64.ActiveCfg = Debug|x64
		{36545748-DC3A-4F64-8810-6D137569B0D6}.Debug|x64.Build.0 = Debug|x64
		{36545748-DC3A-4F64-8810-6D137569B0D6}.Debug|x86.ActiveCfg = Debug|Win32
		{36545748-DC3A-4F64-8810-6D137569B0D6}.Debug|x86.Build.0 = Debug|Win32
		{36545748-DC3A-4F64-8810-6D137569B0D6}.Release|x64.ActiveCfg = Release|x64
		{36545748-DC3A-4F64-8810-6D137569B0D6}.Release|x64.Build.0 = Release|x64
		{36545748-DC3A-4F64-8810-6D137569B0D6}.Release|x86.ActiveCfg = Release|Win32
		{36545748-DC3A-4F64-8810-6D137569B0D6}.Release|x86.Build.0 = Release|Win32
		{92637F74-A726-4332-A860-5430C3E39698}.Debug|x64.ActiveCfg = Debug|x64
		{92637F74-A726-4332-A860-5430C3E39698}.Debug|x64.Build.0 = Debug|x64
		{92637F74-A726-4332-A860-5430C3E39698}.Debug|x86.ActiveCfg = Debug|Win32
		{92637F74-A726-4332-A860-5430C3E39698}.Debug|x86.Build.0 = Debug|Win32
		{92637F74-A726-4332-A860-5430C3E39698}.Release|x64.ActiveCfg = Release|x64
		{92637F74-A726-4332-A860-5430C3E39698}.Release|x64.Build.0 = Release|x64
		{92637F74-A726-4332-A860-5430C3E39698}.Release|x86.ActiveCfg = Release|Win32
		{92637F74-A726-4332-A860-5430C3E39698}.Release|x86.Build.0 = Release|Win32
		{3762FBBD-54B9-4FE2-A8BC-AB7DF4CDA3A4}.Debug|x64.ActiveCfg = Debug|x64
		{3762FBBD-54B9-4FE2-A8BC-AB7DF4CDA3A4}.Debug|x64.Build.0 = Debug|x64
		{3762FBBD-54B9-4FE2-A8BC-AB7DF4CDA3A4}.Debug|x86.ActiveCfg = Debug|Win32
		{3762FBBD-54B9-4FE2-A8BC-AB7DF4CDA3A4}.Debug|x86.Build.0 = Debug|Win32
		{3762FBBD-54B9-4FE2-A8BC-AB7DF4CDA3A4}.Release|x64.ActiveCfg = Release|x64
		{3762FBBD-54B9-4FE2-A8BC-AB7DF4CDA3A4}.Release|x64.Build.0 = Release|x64
		{3762FBBD-54B9-4FE2-A8BC-AB7DF4CDA3A4}.Release|x86.ActiveCfg = Release|Win32
		{3762FBBD-54B9-4FE2-A8BC-AB7DF4CDA3A4}.Release|x86.Build.0 = Release|Win32
		{8053C124-E1BB-42F5-A810-D7FC71820E03}.Debug|x64.ActiveCfg = Debug|x64
		{8053C124-E1BB-42F5-A810-D7FC71820E03}.Debug|x64.Build.0 = Debug|x64
		{8053C124-E1BB-42F5-A810-D7FC71820E03}.Debug|x86.ActiveCfg = Debug|Win32
		{8053C124-E1BB-42F5-A810-D7FC71820E03}.Debug|x86.Build.0 = Debug|Win32
		{8053C124-E1BB-42F5-A810-D7FC71820E03}.Release|x64.ActiveCfg = Release|x64
		{8053C124-E1BB-42F5-A810-D7FC71820E03}.Release|x64.Build.0 = Release|x64
		{8053C124-E1BB-42F5-A810-D7FC71820E03}.Release|x86.ActiveCfg = Release|Win32
		{8053C124-E1BB-42F5-A810-D7FC71820E03}.Release|x86.Build.0 = Release|Win32
		{4A434435-F1E7-4124-8FC4-11118DD7D112}.Debug|x64.ActiveCfg = Debug|x64
		{4A434435-F1E7-4124-8FC4-11118DD7D112}.Debug|x64.Build.0 = Debug|x64
		{4A434435-F1E7-4124-8FC4-11118DD7D112}.Debug|x86.ActiveCfg = Debug|Win32
		{4A434435-F1E7-4124-8FC4-11118DD7D112}.Debug|x86.Build.0 = Debug|Win32
		{4A434435-F1E7-4124-8FC4-11118DD7D112}.Release|x64.ActiveCfg = Release|x64
		{4A434435-F1E7-4124-8FC4-11118DD7D112}.Release|x64.Build.0 = Release|x64
		{4A434435-F1E7-4124-8FC4-11118DD7D112}.Release|x86.ActiveCfg = Release|Win32
		{4A434435-F1E7-4124-8FC4-11118DD7D112}.Release|x86.Build.0 = Release|Win32
		{9CA17A62-6502-4D20-B973-A937F692CF42}.Debug|x64.ActiveCfg = Debug|x64
		{9CA17A62-6502-4D20-B973-A937F692CF42}.Debug|x64.Build.0 = Debug|x64
		{9CA17A62-6502-4D20-B973-A937F692CF42}.Debug|x86.ActiveCfg = Debug|Win32
		{9CA17A62-6502-4D20-B973-A937F692CF42}.Debug|x86.Build.0 = Debug|Win32
		{9CA17A62-6502-4D20-B973-A937F692CF42}.Release|x64.ActiveCfg = Release|x64
		{9CA17A62-6502-4D20-B973-A937F692CF42}.Release|x64.Build.0 = Release|x64
		{9CA17A62-6502-4D20-B973-A937F692CF42}.Release|x86.ActiveCfg = Release|Win32
		{9CA17A62-6502-4D20-B973-A937F692CF42}.Release|x86.Build.0 = Release|Win32
		{1805B45D-33F4-4A02-9EC4-6DC6BB5092A6}.Debug|x64.ActiveCfg = Debug|x64
		{1805B45D-33F4-4A02-9EC4-6DC6BB5092A6}.Debug|x64.Build.0 = Debug|x64
		{1805B45D-33F4-4A02-9EC4-6DC6BB5092A6}.Debug|x86.ActiveCfg = Debug|Win32
		{1805B45D-33F4-4A02-9EC4-6DC6BB5092A6}.Debug|x86.Build.0 = Debug|Win32
		{1805B45D-33F4-4A02-9EC4-6DC6BB5092A6}.Release|x64.ActiveCfg = Release|x64
		{1805B45D-33F4-4A02-9EC4-6DC6BB5092A6}.Release|x64.Build.0 = Release|x64
		{1805B45D-33F4-4A02-9EC4-6DC6BB5092A6}.Release|x86.ActiveCfg = Release|Win32
		{1805B45D-33F4-4A02-9EC4-6DC6BB5092A6}.Release|x86.Build.0 = Release|Win32
		{C277AA57-BFE7-4414-9460-8B740CEA0FC8}.Debug|x64.ActiveCfg = Debug|x64
		{C277AA57-BFE7-4414-9460-8B740CEA0FC8}.Debug|x64.Build.0 = Debug|x64
		{C277AA57-BFE7-4414-9460-8B740CEA0FC8}.Debug|x86.ActiveCfg = Debug|Win32
		{C277AA57-BFE7-4414-9460-8B740CEA0FC8}.Debug|x86.Build.0 = Debug|Win32
		{C277AA57-BFE7-4414-9460-8B740CEA0FC8}.Release|x64.ActiveCfg = Release|x64
		{C277AA57-BFE7-4414-9460-8B740CEA0FC8}.Release|x64.Build.0 = Release|x64
		{C277AA57-BFE7-4414-9460-8B740CEA0FC8}.Release|x86.ActiveCfg = Release|Win32
		{C277AA57-BFE7-4414-9460-8B740CEA0FC8}.Release|x86.Build.0 = Release|Win32
		{44E00055-A292-4AFE-9504-810999487299}.Debug|x64.ActiveCfg = Debug|x64
		{44E00055-A292-4AFE-9504-810999487299}.Debug|x64.Build.0 = Debug|x64
		{44E00055-A292-4AFE-9504-810999487299}.Debug|x86.ActiveCfg = Debug|Win32
		{44E00055-A292-4AFE-9504-810999487299}.Debug|x86.Build.0 = Debug|Win32
		{44E00055-A292-4AFE-9504-810999487299}.Release|x64.ActiveCfg = Release|x64
		{44E00055-A292-4AFE-9504-810999487299}.Release|x64.Build.0 = Release|x64
		{44E00055-A292-4AFE-9504-810999487299}.Release|x86.ActiveCfg = Release|Win32
		{44E00055-A292-4AFE-9504-810999487299}.Release|x86.Build.0 = Release|Win32
		{59A6A936-24D9-4E49-877C-CF2D1D948A43}.Debug|x64.ActiveCfg = Debug|x64
		{59A6A936-24D9-4E49-877C-CF2D1D948A43}.Debug|x64.Build.0 = Debug|x64
		{59A6A936-24D9-4E49-877C-CF2D1D948A43}.Debug|x86.ActiveCfg = Debug|Win32
		{59A6A936-24D9-4E49-877C-CF2D1D948A43}.Debug|x86.Build.0 = Debug|Win32
		{59A6A936-24D9-4E49-877C-CF2D1D948A43}.Release|x64.ActiveCfg = Release|x64
		{59A6A936-24D9-4E49-877C-CF2D1D948A43}.Release|x64.Build.0 = Release|x64
		{59A6A936-24D9-4E49-877C-CF2D1D948A43}.Release|x86.ActiveCfg = Release|Win32
		{59A6A936-24D9-4E49-877C-CF2D1D948A43}.Release|x86.Build.0 = Release|Win32
		{DD93F740-0FD0-4171-AA0D-A0BD152CDFC1}.Debug|x64.ActiveCfg = Debug|x64
		{DD93F740-0FD0-4171-AA0D-A0BD152CDFC1}.Debug|x64.Build.0 = Debug|x64
		{DD93F740-0FD0-4171-AA0D-A0BD152CDFC1}.Debug|x86.ActiveCfg = Debug|Win32
		{DD93F740-0FD0-4171-AA0D-A0BD152CDFC1}.Debug|x86.Build.0 = Debug|Win32
		{DD93F740-0FD0-4171-AA0D-A0BD152CDFC1}.Release|x64.ActiveCfg = Release|x64
		{DD93F740-0FD0-4171-AA0D-A0BD152CDFC1}.Release|x64.Build.0 = Release|x64
		{DD93F740-0FD0-4171-AA0D-A0BD152CDFC1}.Release|x86.ActiveCfg = Release|Win32
		{DD93F740-0FD0-4171-AA0D-A0BD152CDFC1}.Release|x86.Build.0 = Release|Win32
		{7837B35B-1F1A-40AB-B634-81EA93319D56}.Debug|x64.ActiveCfg = Debug|x64
		{7837B35B-1F1A-40AB-B634-81EA93319D56}.Debug|x64.Build.0 = Debug|x64
		{7837B35B-1F1A-40AB-B634-81EA93319D56}.Debug|x86.ActiveCfg = Debug|Win32
		{7837B35B-1F1A-40AB-B634-81EA93319D56}.Debug|x86.Build.0 = Debug|Win32
		{7837B35B-1F1A-40AB-B634-81EA93319D56}.Release|x64.ActiveCfg = Release|x64
		{7837B35B-1F1A-40AB-B634-81EA93319D56}.Release|x64.Build.0 = Release|x64
		{7837B35B-1F1A-40AB-B634-81EA93319D56}.Release|x86.ActiveCfg = Release|Win32
		{7837B35B-1F1A-40AB-B634-81EA93319D56}.Release|x86.Build.0 = Release|Win32
		{78D16175-C4D8-4B53-BF43-44B7CAB8CB75}.Debug|x64.ActiveCfg = Debug|x64
		{78D16175-C4D8-4B53-BF43-44B7CAB8CB75}.Debug|x64.Build.0 = Debug|x64
		{78D16175-C4D8-4B53-BF43-44B7CAB8CB75}.Debug|x86.ActiveCfg = Debug|Win32
		{78D16175-C4D8-4B53-BF43-44B7CAB8CB75}.Debug|x86.Build.0 = Debug|Win32
		{78D16175-C4D8-4B53-BF43-44B7CAB8CB75}.Release|x64.ActiveCfg = Release|x64
		{78D16175-C4D8-4B53-BF43-44B7CAB8CB75}.Release|x64.Build.0 = Release|x64
		{78D16175-C4D8-4B53-BF43-44B7CAB8CB75}.Release|x86.ActiveCfg = Release|Win32
		{78D16175-C4D8-4B53-BF43-44B7CAB8CB75}.Release|x86.Build.0 = Release|Win32
		{CA8CD272-7F9B-43CE-9D07-C50256DF388E}.Debug|x64.ActiveCfg = Debug|x64
		{CA8CD272-7F9B-43CE-9D07-C50256DF388E}.Debug|x64.Build.0 = Debug|x64
		{CA8CD272-7F9B-43CE-9D07-C50256DF388E}.Debug|x86.ActiveCfg = Debug|Win32
		{CA8CD272-7F9B-43CE-9D07-C50256DF388E}.Debug|x86.Build.0 = Debug|Win32
		{CA8CD272-7F9B-43CE-9D07-C50256DF388E}.Release|x64.ActiveCfg = Release|x64
		{CA8CD272-7F9B-43CE-9D07-C50256DF388E}.Release|x64.Build.0 = Release|x64
		{CA8CD272-7F9B-43CE-9D07-C50256DF388E}.Release|x86.ActiveCfg = Release|Win32
		{CA8CD272-7F9B-43CE-9D07-C50256DF388E}.Release|x86.Build.0 = Release|Win32
		{E3E14EB0-649C-4751-B81A-5717C397F780}.Debug|x64.ActiveCfg = Debug|x64
		{E3E14EB0-649C-4751-B81A-5717C397F780}.Debug|x64.Build.0 = Debug|x64
		{E3E14EB0-649C-4751-B81A-5717C397F780}.Debug|x86.ActiveCfg = Debug|Win32
		{E3E14EB0-649C-4751-B81A-5717C397F780}.Debug|x86.Build.0 = Debug|Win32
		{E3E14EB0-649C-4751-B81A-5717C397F780}.Release|x64.ActiveCfg = Release|x64
		{E3E14EB0-649C-4751-B81A-5717C397F780}.Release|x64.Build.0 = Release|x64
		{E3E14EB0-649C-4751-B81A-5717C397F780}.Release|x86.ActiveCfg = Release|Win32
		{E3E14EB0-649C-4751-B81A-5717C397F780}.Release|x86.Build.0 = Release|Win32
		{15DE0070-52ED-498C-8863-5674C7273E1C}.Debug|x64.ActiveCfg = Debug|x64
		{15DE0070-52ED-498C-8863-5674C7273E1C}.Debug|x64.Build.0 = Debug|x64
		{15DE0070-52ED-498C-8863-5674C7273E1C}.Debug|x86.ActiveCfg = Debug|Win32
		{15DE0070-52ED-498C-8863-5674C7273E1C}.Debug|x86.Build.0 = Debug|Win32
		{15DE0070-52ED-498C-8863-5674C7273E1C}.Release|x64.ActiveCfg = Release|x64
		{15DE0070-52ED-498C-8863-5674C7273E1C}.Release|x64.Build.0 = Release|x64
		{15DE0070-52ED-498C-8863-5674C7273E1C}.Release|x86.ActiveCfg = Release|Win32
		{15DE0070-52ED-498C-8863-5674C7273E1C}.Release|x86.Build.0 = Release|Win32
		{124ED225-8A09-45CD-83B2-EFF756C2AB58}.Debug|x64.ActiveCfg = Debug|x64
		{124ED225-8A09-45CD-83B2-EFF756C2AB58}.Debug|x64.Build.0 = Debug|x64
		{124ED225-8A09-45CD-83B2-EFF756C2AB58}.Debug|x86.ActiveCfg = Debug|Win32
		{124ED225-8A09-45CD-83B2-EFF756C2AB58}.Debug|x86.Build.0 = Debug|Win32
		{124ED225-8A09-45CD-83B2-EFF756C2AB58}.Release|x64.ActiveCfg = Release|x64
		{124ED225-8A09-45CD-83B2-EFF756C2AB58}.Release|x64.Build.0 = Release|x64
		{124ED225-8A09-45CD-83B2-EFF756C2AB58}.Release|x86.ActiveCfg = Release|Win32
		{124ED225-8A09-45CD-83B2-EFF756C2AB58}.Release|x86.Build.0 = Release|Win32
		{C069C9C3-CD73-4AFD-AF37-7EDAAB84CF8B}.Debug|x64.ActiveCfg = Debug|x64
		{C069C9C3-CD73-4AFD-AF37-7EDAAB84CF8B}.Debug|x64.Build.0 = Debug|x64
		{C069C9C3-CD73-4AFD-AF37-7EDAAB84CF8B}.Debug|x86.ActiveCfg = Debug|Win32
		{C069C9C3-CD73-4AFD-AF37-7EDAAB84CF8B}.Debug|x86.Build.0 = Debug|Win32
		{C069C9C3-CD73-4AFD-AF37-7EDAAB84CF8B}.Release|x64.ActiveCfg = Release|x64
		{C069C9C3-CD73-4AFD-AF37-7EDAAB84CF8B}.Release|x64.Build.0 = Release|x64
		{C069C9C3-CD73-4AFD-AF37-7EDAAB84CF8B}.Release|x86.ActiveCfg = Release|Win32
		{C069C9C3-CD73-4AFD-AF37-7EDAAB84CF8B}.Release|x86.Build.0 = Release|Win32
		{A3EF0489-3924-4DDD-83A1-DFF6A82AA62C}.Debug|x64.ActiveCfg = Debug|x64
		{A3EF0489-3924-4DDD-83A1-DFF6A82AA62C}.Debug|x64.Build.0 = Debug|x64
		{A3EF0489-3924-4DDD-83A1-DFF6A82AA62C}.Debug|x86.ActiveCfg = Debug|Win32
		{A3EF0489-3924-4DDD-83A1-DFF6A82AA62C}.Debug|x86.Build.0 = Debug|Win32
		{A3EF0489-3924-4DDD-83A1-DFF6A82AA62C}.Release|x64.ActiveCfg = Release|x64
		{A3EF0489-3924-4DDD-83A1-DFF6A82AA62C}.Release|x64.Build.0 = Release|x64
		{A3EF0489-3924-4DDD-83A1-DFF6A82AA62C}.Release|x86.ActiveCfg = Release|Win32
		{A3EF0489-3924-4DDD-83A1-DFF6A82AA62C}.Release|x86.Build.0 = Release|Win32
		{BABEAC72-6F10-40C0-BF5D-5C1A9F2232AB}.Debug|x64.ActiveCfg = Debug|x64
		{BABEAC72-6F10-40C0-BF5D-5C1A9F2232AB}.Debug|x64.Build.0 = Debug|x64
		{BABEAC72-6F10-40C0-BF5D-5C1A9F2232AB}.Debug|x86.ActiveCfg = Debug|Win32
		{BABEAC72-6F10-40C0-BF5D-5C1A9F2232AB}.Debug|x86.Build.0 = Debug|Win32
		{BABEAC72-6F10-40C0-BF5D-5C1A9F2232AB}.Release|x64.ActiveCfg = Release|x64
		{BABEAC72-6F10-40C0-BF5D-5C1A9F2232AB}.Release|x64.Build.0 = Release|x64
		{BABEAC72-6F10-40C0-BF5D-5C1A9F2232AB}.Release|x86.ActiveCfg = Release|Win32
		{BABEAC72-6F10-40C0-BF5D-5C1A9F2232AB}.Release|x86.Build.0 = Release|Win32
		{53A44AD3-1730-4314-A1EA-8D24ED4E4958}.Debug|x64.ActiveCfg = Debug|x64
		{53A44AD3-1730-4314-A1EA-8D24ED4E4958}.Debug|x64.Build.0 = Debug|x64
		{53A44AD3-1730-4314-A1EA-8D24ED4E4958}.Debug|x86.ActiveCfg = Debug|Win32
		{53A44AD3-1730-4314-A1EA-8D24ED4E4958}.Debug|x86.Build.0 = Debug|Win32
		{53A44AD3-1730-4314-A1EA-8D24ED4E4958}.Release|x64.ActiveCfg = Release|x64
		{53A44AD3-1730-4314-A1EA-8D24ED4E4958}.Release|x64.Build.0 = Release|x64
		{53A44AD3-1730-4314-A1EA-8D24ED4E4958}.Release|x86.ActiveCfg = Release|Win32
		{53A44AD3-1730-4314-A1EA-8D24ED4E4958}.Release|x86.Build.0 = Release|Win32
	EndGlobalSection
	GlobalSection(SolutionProperties) = preSolution
		HideSolutionNode = FALSE
	EndGlobalSection
	GlobalSection(NestedProjects) = preSolution
		{27A07355-1C5E-478B-B53A-BFE92E96C2A8} = {859C5EF4-B23B-4018-BCA7-8E4EFA8D0A87}
		{DC2727FA-A66E-450B-92F7-37F1663F1C5F} = {859C5EF4-B23B-4018-BCA7-8E4EFA8D0A87}
		{7D38E07B-DB49-4545-9150-F66155F47AA8} = {859C5EF4-B23B-4018-BCA7-8E4EFA8D0A87}
		{4725CF66-0580-49D1-BD7A-0ABC6EC1C74A} = {859C5EF4-B23B-4018-BCA7-8E4EFA8D0A87}
		{EA874F5E-DC15-4B8A-9422-FF7A3BFEF441} = {FA27B872-9F2F-441C-8161-6CD59BEA1907}
		{471907FA-5F38-486E-AFCC-4AC74AAA8888} = {FA27B872-9F2F-441C-8161-6CD59BEA1907}
		{BC91C624-BB43-475A-8535-75D3D0773B3F} = {F1BF1115-7B85-4971-B118-9F5356E9543B}
		{730F502D-BE89-4770-9817-9741CE986736} = {859C5EF4-B23B-4018-BCA7-8E4EFA8D0A87}
		{A48B4D6C-E300-4E16-91F6-42246C8F8F7A} = {F1BF1115-7B85-4971-B118-9F5356E9543B}
		{95E93002-746D-454B-BE50-4F8A26ECDC5B} = {F1BF1115-7B85-4971-B118-9F5356E9543B}
		{F6828B2E-AC81-4811-AFED-5C62F5EF56BD} = {F1BF1115-7B85-4971-B118-9F5356E9543B}
		{2483C41D-2BF8-42E3-87A2-00201040AAAD} = {F1BF1115-7B85-4971-B118-9F5356E9543B}
		{B0673FC7-DD85-4330-8DC8-DC41256F4843} = {F1BF1115-7B85-4971-B118-9F5356E9543B}
		{3E1AB732-67C6-4210-B91F-F22F5100EE05} = {F1BF1115-7B85-4971-B118-9F5356E9543B}
		{46C49C87-9557-4F19-AE3D-29ADEACA1A58} = {F1BF1115-7B85-4971-B118-9F5356E9543B}
		{7331CE10-3C4E-479A-ABA5-E1EE38F954B0} = {566F6413-A523-4F3A-B915-1FD99E3680BB}
		{3483C4B0-282A-45A4-98E9-415B82B4EA44} = {859C5EF4-B23B-4018-BCA7-8E4EFA8D0A87}
		{4455C438-C1EE-450F-B047-768B0638500E} = {604DA44D-BF35-405D-97B5-58F5883EEA6C}
		{3D4DE00C-AE34-43C5-BA43-FBC161F4B480} = {FA27B872-9F2F-441C-8161-6CD59BEA1907}
		{E9A49106-AF89-436F-912F-89F87C33D015} = {F1BF1115-7B85-4971-B118-9F5356E9543B}
		{1F1D3712-2B8B-487F-9CF5-C520D07A2960} = {604DA44D-BF35-405D-97B5-58F5883EEA6C}
		{5969603A-ED68-4C0A-BCD6-E04ACC976840} = {604DA44D-BF35-405D-97B5-58F5883EEA6C}
		{FC899DA9-B8CE-48E4-8C4F-CE605781507D} = {FA27B872-9F2F-441C-8161-6CD59BEA1907}
		{A745523F-2CE5-4FF6-A21A-EEA0838C7C2F} = {F1BF1115-7B85-4971-B118-9F5356E9543B}
		{F6264C1B-9398-419D-BFD7-5EA136850F1D} = {F1BF1115-7B85-4971-B118-9F5356E9543B}
		{0281A91B-7216-4542-B415-5E273A766BA5} = {F1BF1115-7B85-4971-B118-9F5356E9543B}
		{115E84FB-D878-43D8-8F38-08A01A4BDD88} = {FA27B872-9F2F-441C-8161-6CD59BEA1907}
		{8CA0DC79-2152-45AC-A31F-01C2238B4054} = {F1BF1115-7B85-4971-B118-9F5356E9543B}
		{E480042F-E13B-4726-9FE4-5BC5A5586E1B} = {696F3BF0-00A8-4EE2-BF22-E6F0A89624B6}
		{0D66E758-7E9B-4DD9-80A9-D5B3DD5A2D61} = {FA27B872-9F2F-441C-8161-6CD59BEA1907}
		{8F45F275-4CDB-4E14-BFDF-5FCC87E8AFEA} = {FA27B872-9F2F-441C-8161-6CD59BEA1907}
		{02BF35A6-7F80-4CAE-822A-66807BB3ADB3} = {FA27B872-9F2F-441C-8161-6CD59BEA1907}
		{36545748-DC3A-4F64-8810-6D137569B0D6} = {FA27B872-9F2F-441C-8161-6CD59BEA1907}
		{92637F74-A726-4332-A860-5430C3E39698} = {696F3BF0-00A8-4EE2-BF22-E6F0A89624B6}
		{3762FBBD-54B9-4FE2-A8BC-AB7DF4CDA3A4} = {566F6413-A523-4F3A-B915-1FD99E3680BB}
		{8053C124-E1BB-42F5-A810-D7FC71820E03} = {566F6413-A523-4F3A-B915-1FD99E3680BB}
		{4A434435-F1E7-4124-8FC4-11118DD7D112} = {566F6413-A523-4F3A-B915-1FD99E3680BB}
		{9CA17A62-6502-4D20-B973-A937F692CF42} = {696F3BF0-00A8-4EE2-BF22-E6F0A89624B6}
		{1805B45D-33F4-4A02-9EC4-6DC6BB5092A6} = {696F3BF0-00A8-4EE2-BF22-E6F0A89624B6}
		{C277AA57-BFE7-4414-9460-8B740CEA0FC8} = {696F3BF0-00A8-4EE2-BF22-E6F0A89624B6}
		{44E00055-A292-4AFE-9504-810999487299} = {696F3BF0-00A8-4EE2-BF22-E6F0A89624B6}
		{59A6A936-24D9-4E49-877C-CF2D1D948A43} = {696F3BF0-00A8-4EE2-BF22-E6F0A89624B6}
		{DD93F740-0FD0-4171-AA0D-A0BD152CDFC1} = {696F3BF0-00A8-4EE2-BF22-E6F0A89624B6}
		{7837B35B-1F1A-40AB-B634-81EA93319D56} = {FA27B872-9F2F-441C-8161-6CD59BEA1907}
		{78D16175-C4D8-4B53-BF43-44B7CAB8CB75} = {696F3BF0-00A8-4EE2-BF22-E6F0A89624B6}
		{CA8CD272-7F9B-43CE-9D07-C50256DF388E} = {696F3BF0-00A8-4EE2-BF22-E6F0A89624B6}
		{E3E14EB0-649C-4751-B81A-5717C397F780} = {696F3BF0-00A8-4EE2-BF22-E6F0A89624B6}
		{15DE0070-52ED-498C-8863-5674C7273E1C} = {696F3BF0-00A8-4EE2-BF22-E6F0A89624B6}
		{124ED225-8A09-45CD-83B2-EFF756C2AB58} = {696F3BF0-00A8-4EE2-BF22-E6F0A89624B6}
		{C069C9C3-CD73-4AFD-AF37-7EDAAB84CF8B} = {1104DD7A-A3C7-413A-818B-E06CB35D3F49}
		{A3EF0489-3924-4DDD-83A1-DFF6A82AA62C} = {1104DD7A-A3C7-413A-818B-E06CB35D3F49}
		{BABEAC72-6F10-40C0-BF5D-5C1A9F2232AB} = {696F3BF0-00A8-4EE2-BF22-E6F0A89624B6}
		{53A44AD3-1730-4314-A1EA-8D24ED4E4958} = {696F3BF0-00A8-4EE2-BF22-E6F0A89624B6}
	EndGlobalSection
	GlobalSection(ExtensibilityGlobals) = postSolution
		SolutionGuid = {3DCB6F1B-BC78-403E-BF2D-BF944F097D51}
	EndGlobalSection
EndGlobal
