
Microsoft Visual Studio Solution File, Format Version 12.00
# Visual Studio 15
VisualStudioVersion = 15.0.28307.1062
MinimumVisualStudioVersion = 10.0.40219.1
Project("{8BC9CEB8-8B4A-11D0-8D11-00A0C91BC942}") = "MyStudy", "MyStudy\MyStudy.vcxproj", "{27A07355-1C5E-478B-B53A-BFE92E96C2A8}"
EndProject
Project("{8BC9CEB8-8B4A-11D0-8D11-00A0C91BC942}") = "ProjectA", "Project1\Project1.vcxproj", "{DC2727FA-A66E-450B-92F7-37F1663F1C5F}"
EndProject
Project("{2150E333-8FDC-42A3-9474-1A3956D46DE8}") = "CLang", "CLang", "{859C5EF4-B23B-4018-BCA7-8E4EFA8D0A87}"
EndProject
Project("{2150E333-8FDC-42A3-9474-1A3956D46DE8}") = "C++", "C++", "{F1BF1115-7B85-4971-B118-9F5356E9543B}"
EndProject
Project("{8BC9CEB8-8B4A-11D0-8D11-00A0C91BC942}") = "ProjectB", "Project2\Project2.vcxproj", "{7D38E07B-DB49-4545-9150-F66155F47AA8}"
EndProject
Project("{8BC9CEB8-8B4A-11D0-8D11-00A0C91BC942}") = "ProjectC", "ProjectC\ProjectC.vcxproj", "{4725CF66-0580-49D1-BD7A-0ABC6EC1C74A}"
EndProject
Project("{8BC9CEB8-8B4A-11D0-8D11-00A0C91BC942}") = "HashStudy", "HashStudy\HashStudy.vcxproj", "{EA874F5E-DC15-4B8A-9422-FF7A3BFEF441}"
EndProject
Project("{8BC9CEB8-8B4A-11D0-8D11-00A0C91BC942}") = "HashStudy2", "HashStudy2\HashStudy2.vcxproj", "{471907FA-5F38-486E-AFCC-4AC74AAA8888}"
EndProject
Project("{8BC9CEB8-8B4A-11D0-8D11-00A0C91BC942}") = "Sample.cpp", "Sample.cpp\Sample.cpp.vcxproj", "{BC91C624-BB43-475A-8535-75D3D0773B3F}"
EndProject
Project("{8BC9CEB8-8B4A-11D0-8D11-00A0C91BC942}") = "CLang_01", "CLang_01\CLang_01.vcxproj", "{730F502D-BE89-4770-9817-9741CE986736}"
EndProject
Project("{8BC9CEB8-8B4A-11D0-8D11-00A0C91BC942}") = "TempProj", "TempProj\TempProj.vcxproj", "{A48B4D6C-E300-4E16-91F6-42246C8F8F7A}"
EndProject
Project("{8BC9CEB8-8B4A-11D0-8D11-00A0C91BC942}") = "DiamongAndMagicSquare", "DiamongAndMagicSquare\DiamongAndMagicSquare.vcxproj", "{95E93002-746D-454B-BE50-4F8A26ECDC5B}"
EndProject
Project("{8BC9CEB8-8B4A-11D0-8D11-00A0C91BC942}") = "String_0", "String_0\String_0.vcxproj", "{F6828B2E-AC81-4811-AFED-5C62F5EF56BD}"
EndProject
Project("{8BC9CEB8-8B4A-11D0-8D11-00A0C91BC942}") = "sequense", "sequense\sequense.vcxproj", "{2483C41D-2BF8-42E3-87A2-00201040AAAD}"
EndProject
Project("{8BC9CEB8-8B4A-11D0-8D11-00A0C91BC942}") = "String_1", "String_1\String_1.vcxproj", "{B0673FC7-DD85-4330-8DC8-DC41256F4843}"
EndProject
Project("{8BC9CEB8-8B4A-11D0-8D11-00A0C91BC942}") = "StringStream", "StringStream\StringStream.vcxproj", "{3E1AB732-67C6-4210-B91F-F22F5100EE05}"
EndProject
Project("{8BC9CEB8-8B4A-11D0-8D11-00A0C91BC942}") = "AllCode", "AllCode\AllCode.vcxproj", "{46C49C87-9557-4F19-AE3D-29ADEACA1A58}"
EndProject
Project("{2150E333-8FDC-42A3-9474-1A3956D46DE8}") = "BOJ", "BOJ", "{566F6413-A523-4F3A-B915-1FD99E3680BB}"
EndProject
Project("{8BC9CEB8-8B4A-11D0-8D11-00A0C91BC942}") = "2839", "2839\2839.vcxproj", "{7331CE10-3C4E-479A-ABA5-E1EE38F954B0}"
EndProject
Project("{8BC9CEB8-8B4A-11D0-8D11-00A0C91BC942}") = "FILEIO_01", "FILEIO_01\FILEIO_01.vcxproj", "{3483C4B0-282A-45A4-98E9-415B82B4EA44}"
EndProject
Project("{2150E333-8FDC-42A3-9474-1A3956D46DE8}") = "Codesignal", "Codesignal", "{604DA44D-BF35-405D-97B5-58F5883EEA6C}"
EndProject
Project("{8BC9CEB8-8B4A-11D0-8D11-00A0C91BC942}") = "reversepathe", "reversepathe\reversepathe.vcxproj", "{4455C438-C1EE-450F-B047-768B0638500E}"
EndProject
Project("{8BC9CEB8-8B4A-11D0-8D11-00A0C91BC942}") = "JosephProblem", "JosephProblem\JosephProblem.vcxproj", "{3D4DE00C-AE34-43C5-BA43-FBC161F4B480}"
EndProject
Project("{8BC9CEB8-8B4A-11D0-8D11-00A0C91BC942}") = "Joseph", "Joseph\Joseph.vcxproj", "{E9A49106-AF89-436F-912F-89F87C33D015}"
EndProject
Project("{8BC9CEB8-8B4A-11D0-8D11-00A0C91BC942}") = "BoxBlur", "BoxBlur\BoxBlur.vcxproj", "{1F1D3712-2B8B-487F-9CF5-C520D07A2960}"
EndProject
Project("{8BC9CEB8-8B4A-11D0-8D11-00A0C91BC942}") = "StrEncoding", "StrEncoding\StrEncoding.vcxproj", "{5969603A-ED68-4C0A-BCD6-E04ACC976840}"
EndProject
Project("{8BC9CEB8-8B4A-11D0-8D11-00A0C91BC942}") = "ScoreBoard", "ScoreBoard\ScoreBoard.vcxproj", "{FC899DA9-B8CE-48E4-8C4F-CE605781507D}"
EndProject
Project("{8BC9CEB8-8B4A-11D0-8D11-00A0C91BC942}") = "StudyStream", "StudyStream\StudyStream.vcxproj", "{A745523F-2CE5-4FF6-A21A-EEA0838C7C2F}"
EndProject
Global
	GlobalSection(SolutionConfigurationPlatforms) = preSolution
		Debug|x64 = Debug|x64
		Debug|x86 = Debug|x86
		Release|x64 = Release|x64
		Release|x86 = Release|x86
	EndGlobalSection
	GlobalSection(ProjectConfigurationPlatforms) = postSolution
		{27A07355-1C5E-478B-B53A-BFE92E96C2A8}.Debug|x64.ActiveCfg = Debug|x64
		{27A07355-1C5E-478B-B53A-BFE92E96C2A8}.Debug|x64.Build.0 = Debug|x64
		{27A07355-1C5E-478B-B53A-BFE92E96C2A8}.Debug|x86.ActiveCfg = Debug|Win32
		{27A07355-1C5E-478B-B53A-BFE92E96C2A8}.Debug|x86.Build.0 = Debug|Win32
		{27A07355-1C5E-478B-B53A-BFE92E96C2A8}.Release|x64.ActiveCfg = Release|x64
		{27A07355-1C5E-478B-B53A-BFE92E96C2A8}.Release|x64.Build.0 = Release|x64
		{27A07355-1C5E-478B-B53A-BFE92E96C2A8}.Release|x86.ActiveCfg = Release|Win32
		{27A07355-1C5E-478B-B53A-BFE92E96C2A8}.Release|x86.Build.0 = Release|Win32
		{DC2727FA-A66E-450B-92F7-37F1663F1C5F}.Debug|x64.ActiveCfg = Debug|x64
		{DC2727FA-A66E-450B-92F7-37F1663F1C5F}.Debug|x64.Build.0 = Debug|x64
		{DC2727FA-A66E-450B-92F7-37F1663F1C5F}.Debug|x86.ActiveCfg = Debug|Win32
		{DC2727FA-A66E-450B-92F7-37F1663F1C5F}.Debug|x86.Build.0 = Debug|Win32
		{DC2727FA-A66E-450B-92F7-37F1663F1C5F}.Release|x64.ActiveCfg = Release|x64
		{DC2727FA-A66E-450B-92F7-37F1663F1C5F}.Release|x64.Build.0 = Release|x64
		{DC2727FA-A66E-450B-92F7-37F1663F1C5F}.Release|x86.ActiveCfg = Release|Win32
		{DC2727FA-A66E-450B-92F7-37F1663F1C5F}.Release|x86.Build.0 = Release|Win32
		{7D38E07B-DB49-4545-9150-F66155F47AA8}.Debug|x64.ActiveCfg = Debug|x64
		{7D38E07B-DB49-4545-9150-F66155F47AA8}.Debug|x64.Build.0 = Debug|x64
		{7D38E07B-DB49-4545-9150-F66155F47AA8}.Debug|x86.ActiveCfg = Debug|Win32
		{7D38E07B-DB49-4545-9150-F66155F47AA8}.Debug|x86.Build.0 = Debug|Win32
		{7D38E07B-DB49-4545-9150-F66155F47AA8}.Release|x64.ActiveCfg = Release|x64
		{7D38E07B-DB49-4545-9150-F66155F47AA8}.Release|x64.Build.0 = Release|x64
		{7D38E07B-DB49-4545-9150-F66155F47AA8}.Release|x86.ActiveCfg = Release|Win32
		{7D38E07B-DB49-4545-9150-F66155F47AA8}.Release|x86.Build.0 = Release|Win32
		{4725CF66-0580-49D1-BD7A-0ABC6EC1C74A}.Debug|x64.ActiveCfg = Debug|x64
		{4725CF66-0580-49D1-BD7A-0ABC6EC1C74A}.Debug|x64.Build.0 = Debug|x64
		{4725CF66-0580-49D1-BD7A-0ABC6EC1C74A}.Debug|x86.ActiveCfg = Debug|Win32
		{4725CF66-0580-49D1-BD7A-0ABC6EC1C74A}.Debug|x86.Build.0 = Debug|Win32
		{4725CF66-0580-49D1-BD7A-0ABC6EC1C74A}.Release|x64.ActiveCfg = Release|x64
		{4725CF66-0580-49D1-BD7A-0ABC6EC1C74A}.Release|x64.Build.0 = Release|x64
		{4725CF66-0580-49D1-BD7A-0ABC6EC1C74A}.Release|x86.ActiveCfg = Release|Win32
		{4725CF66-0580-49D1-BD7A-0ABC6EC1C74A}.Release|x86.Build.0 = Release|Win32
		{EA874F5E-DC15-4B8A-9422-FF7A3BFEF441}.Debug|x64.ActiveCfg = Debug|x64
		{EA874F5E-DC15-4B8A-9422-FF7A3BFEF441}.Debug|x64.Build.0 = Debug|x64
		{EA874F5E-DC15-4B8A-9422-FF7A3BFEF441}.Debug|x86.ActiveCfg = Debug|Win32
		{EA874F5E-DC15-4B8A-9422-FF7A3BFEF441}.Debug|x86.Build.0 = Debug|Win32
		{EA874F5E-DC15-4B8A-9422-FF7A3BFEF441}.Release|x64.ActiveCfg = Release|x64
		{EA874F5E-DC15-4B8A-9422-FF7A3BFEF441}.Release|x64.Build.0 = Release|x64
		{EA874F5E-DC15-4B8A-9422-FF7A3BFEF441}.Release|x86.ActiveCfg = Release|Win32
		{EA874F5E-DC15-4B8A-9422-FF7A3BFEF441}.Release|x86.Build.0 = Release|Win32
		{471907FA-5F38-486E-AFCC-4AC74AAA8888}.Debug|x64.ActiveCfg = Debug|x64
		{471907FA-5F38-486E-AFCC-4AC74AAA8888}.Debug|x64.Build.0 = Debug|x64
		{471907FA-5F38-486E-AFCC-4AC74AAA8888}.Debug|x86.ActiveCfg = Debug|Win32
		{471907FA-5F38-486E-AFCC-4AC74AAA8888}.Debug|x86.Build.0 = Debug|Win32
		{471907FA-5F38-486E-AFCC-4AC74AAA8888}.Release|x64.ActiveCfg = Release|x64
		{471907FA-5F38-486E-AFCC-4AC74AAA8888}.Release|x64.Build.0 = Release|x64
		{471907FA-5F38-486E-AFCC-4AC74AAA8888}.Release|x86.ActiveCfg = Release|Win32
		{471907FA-5F38-486E-AFCC-4AC74AAA8888}.Release|x86.Build.0 = Release|Win32
		{BC91C624-BB43-475A-8535-75D3D0773B3F}.Debug|x64.ActiveCfg = Debug|x64
		{BC91C624-BB43-475A-8535-75D3D0773B3F}.Debug|x64.Build.0 = Debug|x64
		{BC91C624-BB43-475A-8535-75D3D0773B3F}.Debug|x86.ActiveCfg = Debug|Win32
		{BC91C624-BB43-475A-8535-75D3D0773B3F}.Debug|x86.Build.0 = Debug|Win32
		{BC91C624-BB43-475A-8535-75D3D0773B3F}.Release|x64.ActiveCfg = Release|x64
		{BC91C624-BB43-475A-8535-75D3D0773B3F}.Release|x64.Build.0 = Release|x64
		{BC91C624-BB43-475A-8535-75D3D0773B3F}.Release|x86.ActiveCfg = Release|Win32
		{BC91C624-BB43-475A-8535-75D3D0773B3F}.Release|x86.Build.0 = Release|Win32
		{730F502D-BE89-4770-9817-9741CE986736}.Debug|x64.ActiveCfg = Debug|x64
		{730F502D-BE89-4770-9817-9741CE986736}.Debug|x64.Build.0 = Debug|x64
		{730F502D-BE89-4770-9817-9741CE986736}.Debug|x86.ActiveCfg = Debug|Win32
		{730F502D-BE89-4770-9817-9741CE986736}.Debug|x86.Build.0 = Debug|Win32
		{730F502D-BE89-4770-9817-9741CE986736}.Release|x64.ActiveCfg = Release|x64
		{730F502D-BE89-4770-9817-9741CE986736}.Release|x64.Build.0 = Release|x64
		{730F502D-BE89-4770-9817-9741CE986736}.Release|x86.ActiveCfg = Release|Win32
		{730F502D-BE89-4770-9817-9741CE986736}.Release|x86.Build.0 = Release|Win32
		{A48B4D6C-E300-4E16-91F6-42246C8F8F7A}.Debug|x64.ActiveCfg = Debug|x64
		{A48B4D6C-E300-4E16-91F6-42246C8F8F7A}.Debug|x64.Build.0 = Debug|x64
		{A48B4D6C-E300-4E16-91F6-42246C8F8F7A}.Debug|x86.ActiveCfg = Debug|Win32
		{A48B4D6C-E300-4E16-91F6-42246C8F8F7A}.Debug|x86.Build.0 = Debug|Win32
		{A48B4D6C-E300-4E16-91F6-42246C8F8F7A}.Release|x64.ActiveCfg = Release|x64
		{A48B4D6C-E300-4E16-91F6-42246C8F8F7A}.Release|x64.Build.0 = Release|x64
		{A48B4D6C-E300-4E16-91F6-42246C8F8F7A}.Release|x86.ActiveCfg = Release|Win32
		{A48B4D6C-E300-4E16-91F6-42246C8F8F7A}.Release|x86.Build.0 = Release|Win32
		{95E93002-746D-454B-BE50-4F8A26ECDC5B}.Debug|x64.ActiveCfg = Debug|x64
		{95E93002-746D-454B-BE50-4F8A26ECDC5B}.Debug|x64.Build.0 = Debug|x64
		{95E93002-746D-454B-BE50-4F8A26ECDC5B}.Debug|x86.ActiveCfg = Debug|Win32
		{95E93002-746D-454B-BE50-4F8A26ECDC5B}.Debug|x86.Build.0 = Debug|Win32
		{95E93002-746D-454B-BE50-4F8A26ECDC5B}.Release|x64.ActiveCfg = Release|x64
		{95E93002-746D-454B-BE50-4F8A26ECDC5B}.Release|x64.Build.0 = Release|x64
		{95E93002-746D-454B-BE50-4F8A26ECDC5B}.Release|x86.ActiveCfg = Release|Win32
		{95E93002-746D-454B-BE50-4F8A26ECDC5B}.Release|x86.Build.0 = Release|Win32
		{F6828B2E-AC81-4811-AFED-5C62F5EF56BD}.Debug|x64.ActiveCfg = Debug|x64
		{F6828B2E-AC81-4811-AFED-5C62F5EF56BD}.Debug|x64.Build.0 = Debug|x64
		{F6828B2E-AC81-4811-AFED-5C62F5EF56BD}.Debug|x86.ActiveCfg = Debug|Win32
		{F6828B2E-AC81-4811-AFED-5C62F5EF56BD}.Debug|x86.Build.0 = Debug|Win32
		{F6828B2E-AC81-4811-AFED-5C62F5EF56BD}.Release|x64.ActiveCfg = Release|x64
		{F6828B2E-AC81-4811-AFED-5C62F5EF56BD}.Release|x64.Build.0 = Release|x64
		{F6828B2E-AC81-4811-AFED-5C62F5EF56BD}.Release|x86.ActiveCfg = Release|Win32
		{F6828B2E-AC81-4811-AFED-5C62F5EF56BD}.Release|x86.Build.0 = Release|Win32
		{2483C41D-2BF8-42E3-87A2-00201040AAAD}.Debug|x64.ActiveCfg = Debug|x64
		{2483C41D-2BF8-42E3-87A2-00201040AAAD}.Debug|x64.Build.0 = Debug|x64
		{2483C41D-2BF8-42E3-87A2-00201040AAAD}.Debug|x86.ActiveCfg = Debug|Win32
		{2483C41D-2BF8-42E3-87A2-00201040AAAD}.Debug|x86.Build.0 = Debug|Win32
		{2483C41D-2BF8-42E3-87A2-00201040AAAD}.Release|x64.ActiveCfg = Release|x64
		{2483C41D-2BF8-42E3-87A2-00201040AAAD}.Release|x64.Build.0 = Release|x64
		{2483C41D-2BF8-42E3-87A2-00201040AAAD}.Release|x86.ActiveCfg = Release|Win32
		{2483C41D-2BF8-42E3-87A2-00201040AAAD}.Release|x86.Build.0 = Release|Win32
		{B0673FC7-DD85-4330-8DC8-DC41256F4843}.Debug|x64.ActiveCfg = Debug|x64
		{B0673FC7-DD85-4330-8DC8-DC41256F4843}.Debug|x64.Build.0 = Debug|x64
		{B0673FC7-DD85-4330-8DC8-DC41256F4843}.Debug|x86.ActiveCfg = Debug|Win32
		{B0673FC7-DD85-4330-8DC8-DC41256F4843}.Debug|x86.Build.0 = Debug|Win32
		{B0673FC7-DD85-4330-8DC8-DC41256F4843}.Release|x64.ActiveCfg = Release|x64
		{B0673FC7-DD85-4330-8DC8-DC41256F4843}.Release|x64.Build.0 = Release|x64
		{B0673FC7-DD85-4330-8DC8-DC41256F4843}.Release|x86.ActiveCfg = Release|Win32
		{B0673FC7-DD85-4330-8DC8-DC41256F4843}.Release|x86.Build.0 = Release|Win32
		{3E1AB732-67C6-4210-B91F-F22F5100EE05}.Debug|x64.ActiveCfg = Debug|x64
		{3E1AB732-67C6-4210-B91F-F22F5100EE05}.Debug|x64.Build.0 = Debug|x64
		{3E1AB732-67C6-4210-B91F-F22F5100EE05}.Debug|x86.ActiveCfg = Debug|Win32
		{3E1AB732-67C6-4210-B91F-F22F5100EE05}.Debug|x86.Build.0 = Debug|Win32
		{3E1AB732-67C6-4210-B91F-F22F5100EE05}.Release|x64.ActiveCfg = Release|x64
		{3E1AB732-67C6-4210-B91F-F22F5100EE05}.Release|x64.Build.0 = Release|x64
		{3E1AB732-67C6-4210-B91F-F22F5100EE05}.Release|x86.ActiveCfg = Release|Win32
		{3E1AB732-67C6-4210-B91F-F22F5100EE05}.Release|x86.Build.0 = Release|Win32
		{46C49C87-9557-4F19-AE3D-29ADEACA1A58}.Debug|x64.ActiveCfg = Debug|x64
		{46C49C87-9557-4F19-AE3D-29ADEACA1A58}.Debug|x64.Build.0 = Debug|x64
		{46C49C87-9557-4F19-AE3D-29ADEACA1A58}.Debug|x86.ActiveCfg = Debug|Win32
		{46C49C87-9557-4F19-AE3D-29ADEACA1A58}.Debug|x86.Build.0 = Debug|Win32
		{46C49C87-9557-4F19-AE3D-29ADEACA1A58}.Release|x64.ActiveCfg = Release|x64
		{46C49C87-9557-4F19-AE3D-29ADEACA1A58}.Release|x64.Build.0 = Release|x64
		{46C49C87-9557-4F19-AE3D-29ADEACA1A58}.Release|x86.ActiveCfg = Release|Win32
		{46C49C87-9557-4F19-AE3D-29ADEACA1A58}.Release|x86.Build.0 = Release|Win32
		{7331CE10-3C4E-479A-ABA5-E1EE38F954B0}.Debug|x64.ActiveCfg = Debug|x64
		{7331CE10-3C4E-479A-ABA5-E1EE38F954B0}.Debug|x64.Build.0 = Debug|x64
		{7331CE10-3C4E-479A-ABA5-E1EE38F954B0}.Debug|x86.ActiveCfg = Debug|Win32
		{7331CE10-3C4E-479A-ABA5-E1EE38F954B0}.Debug|x86.Build.0 = Debug|Win32
		{7331CE10-3C4E-479A-ABA5-E1EE38F954B0}.Release|x64.ActiveCfg = Release|x64
		{7331CE10-3C4E-479A-ABA5-E1EE38F954B0}.Release|x64.Build.0 = Release|x64
		{7331CE10-3C4E-479A-ABA5-E1EE38F954B0}.Release|x86.ActiveCfg = Release|Win32
		{7331CE10-3C4E-479A-ABA5-E1EE38F954B0}.Release|x86.Build.0 = Release|Win32
		{3483C4B0-282A-45A4-98E9-415B82B4EA44}.Debug|x64.ActiveCfg = Debug|x64
		{3483C4B0-282A-45A4-98E9-415B82B4EA44}.Debug|x64.Build.0 = Debug|x64
		{3483C4B0-282A-45A4-98E9-415B82B4EA44}.Debug|x86.ActiveCfg = Debug|Win32
		{3483C4B0-282A-45A4-98E9-415B82B4EA44}.Debug|x86.Build.0 = Debug|Win32
		{3483C4B0-282A-45A4-98E9-415B82B4EA44}.Release|x64.ActiveCfg = Release|x64
		{3483C4B0-282A-45A4-98E9-415B82B4EA44}.Release|x64.Build.0 = Release|x64
		{3483C4B0-282A-45A4-98E9-415B82B4EA44}.Release|x86.ActiveCfg = Release|Win32
		{3483C4B0-282A-45A4-98E9-415B82B4EA44}.Release|x86.Build.0 = Release|Win32
		{4455C438-C1EE-450F-B047-768B0638500E}.Debug|x64.ActiveCfg = Debug|x64
		{4455C438-C1EE-450F-B047-768B0638500E}.Debug|x64.Build.0 = Debug|x64
		{4455C438-C1EE-450F-B047-768B0638500E}.Debug|x86.ActiveCfg = Debug|Win32
		{4455C438-C1EE-450F-B047-768B0638500E}.Debug|x86.Build.0 = Debug|Win32
		{4455C438-C1EE-450F-B047-768B0638500E}.Release|x64.ActiveCfg = Release|x64
		{4455C438-C1EE-450F-B047-768B0638500E}.Release|x64.Build.0 = Release|x64
		{4455C438-C1EE-450F-B047-768B0638500E}.Release|x86.ActiveCfg = Release|Win32
		{4455C438-C1EE-450F-B047-768B0638500E}.Release|x86.Build.0 = Release|Win32
		{3D4DE00C-AE34-43C5-BA43-FBC161F4B480}.Debug|x64.ActiveCfg = Debug|x64
		{3D4DE00C-AE34-43C5-BA43-FBC161F4B480}.Debug|x64.Build.0 = Debug|x64
		{3D4DE00C-AE34-43C5-BA43-FBC161F4B480}.Debug|x86.ActiveCfg = Debug|Win32
		{3D4DE00C-AE34-43C5-BA43-FBC161F4B480}.Debug|x86.Build.0 = Debug|Win32
		{3D4DE00C-AE34-43C5-BA43-FBC161F4B480}.Release|x64.ActiveCfg = Release|x64
		{3D4DE00C-AE34-43C5-BA43-FBC161F4B480}.Release|x64.Build.0 = Release|x64
		{3D4DE00C-AE34-43C5-BA43-FBC161F4B480}.Release|x86.ActiveCfg = Release|Win32
		{3D4DE00C-AE34-43C5-BA43-FBC161F4B480}.Release|x86.Build.0 = Release|Win32
		{E9A49106-AF89-436F-912F-89F87C33D015}.Debug|x64.ActiveCfg = Debug|x64
		{E9A49106-AF89-436F-912F-89F87C33D015}.Debug|x64.Build.0 = Debug|x64
		{E9A49106-AF89-436F-912F-89F87C33D015}.Debug|x86.ActiveCfg = Debug|Win32
		{E9A49106-AF89-436F-912F-89F87C33D015}.Debug|x86.Build.0 = Debug|Win32
		{E9A49106-AF89-436F-912F-89F87C33D015}.Release|x64.ActiveCfg = Release|x64
		{E9A49106-AF89-436F-912F-89F87C33D015}.Release|x64.Build.0 = Release|x64
		{E9A49106-AF89-436F-912F-89F87C33D015}.Release|x86.ActiveCfg = Release|Win32
		{E9A49106-AF89-436F-912F-89F87C33D015}.Release|x86.Build.0 = Release|Win32
		{1F1D3712-2B8B-487F-9CF5-C520D07A2960}.Debug|x64.ActiveCfg = Debug|x64
		{1F1D3712-2B8B-487F-9CF5-C520D07A2960}.Debug|x64.Build.0 = Debug|x64
		{1F1D3712-2B8B-487F-9CF5-C520D07A2960}.Debug|x86.ActiveCfg = Debug|Win32
		{1F1D3712-2B8B-487F-9CF5-C520D07A2960}.Debug|x86.Build.0 = Debug|Win32
		{1F1D3712-2B8B-487F-9CF5-C520D07A2960}.Release|x64.ActiveCfg = Release|x64
		{1F1D3712-2B8B-487F-9CF5-C520D07A2960}.Release|x64.Build.0 = Release|x64
		{1F1D3712-2B8B-487F-9CF5-C520D07A2960}.Release|x86.ActiveCfg = Release|Win32
		{1F1D3712-2B8B-487F-9CF5-C520D07A2960}.Release|x86.Build.0 = Release|Win32
		{5969603A-ED68-4C0A-BCD6-E04ACC976840}.Debug|x64.ActiveCfg = Debug|x64
		{5969603A-ED68-4C0A-BCD6-E04ACC976840}.Debug|x64.Build.0 = Debug|x64
		{5969603A-ED68-4C0A-BCD6-E04ACC976840}.Debug|x86.ActiveCfg = Debug|Win32
		{5969603A-ED68-4C0A-BCD6-E04ACC976840}.Debug|x86.Build.0 = Debug|Win32
		{5969603A-ED68-4C0A-BCD6-E04ACC976840}.Release|x64.ActiveCfg = Release|x64
		{5969603A-ED68-4C0A-BCD6-E04ACC976840}.Release|x64.Build.0 = Release|x64
		{5969603A-ED68-4C0A-BCD6-E04ACC976840}.Release|x86.ActiveCfg = Release|Win32
		{5969603A-ED68-4C0A-BCD6-E04ACC976840}.Release|x86.Build.0 = Release|Win32
		{FC899DA9-B8CE-48E4-8C4F-CE605781507D}.Debug|x64.ActiveCfg = Debug|x64
		{FC899DA9-B8CE-48E4-8C4F-CE605781507D}.Debug|x64.Build.0 = Debug|x64
		{FC899DA9-B8CE-48E4-8C4F-CE605781507D}.Debug|x86.ActiveCfg = Debug|Win32
		{FC899DA9-B8CE-48E4-8C4F-CE605781507D}.Debug|x86.Build.0 = Debug|Win32
		{FC899DA9-B8CE-48E4-8C4F-CE605781507D}.Release|x64.ActiveCfg = Release|x64
		{FC899DA9-B8CE-48E4-8C4F-CE605781507D}.Release|x64.Build.0 = Release|x64
		{FC899DA9-B8CE-48E4-8C4F-CE605781507D}.Release|x86.ActiveCfg = Release|Win32
		{FC899DA9-B8CE-48E4-8C4F-CE605781507D}.Release|x86.Build.0 = Release|Win32
		{A745523F-2CE5-4FF6-A21A-EEA0838C7C2F}.Debug|x64.ActiveCfg = Debug|x64
		{A745523F-2CE5-4FF6-A21A-EEA0838C7C2F}.Debug|x64.Build.0 = Debug|x64
		{A745523F-2CE5-4FF6-A21A-EEA0838C7C2F}.Debug|x86.ActiveCfg = Debug|Win32
		{A745523F-2CE5-4FF6-A21A-EEA0838C7C2F}.Debug|x86.Build.0 = Debug|Win32
		{A745523F-2CE5-4FF6-A21A-EEA0838C7C2F}.Release|x64.ActiveCfg = Release|x64
		{A745523F-2CE5-4FF6-A21A-EEA0838C7C2F}.Release|x64.Build.0 = Release|x64
		{A745523F-2CE5-4FF6-A21A-EEA0838C7C2F}.Release|x86.ActiveCfg = Release|Win32
		{A745523F-2CE5-4FF6-A21A-EEA0838C7C2F}.Release|x86.Build.0 = Release|Win32
	EndGlobalSection
	GlobalSection(SolutionProperties) = preSolution
		HideSolutionNode = FALSE
	EndGlobalSection
	GlobalSection(NestedProjects) = preSolution
		{27A07355-1C5E-478B-B53A-BFE92E96C2A8} = {859C5EF4-B23B-4018-BCA7-8E4EFA8D0A87}
		{DC2727FA-A66E-450B-92F7-37F1663F1C5F} = {859C5EF4-B23B-4018-BCA7-8E4EFA8D0A87}
		{7D38E07B-DB49-4545-9150-F66155F47AA8} = {859C5EF4-B23B-4018-BCA7-8E4EFA8D0A87}
		{4725CF66-0580-49D1-BD7A-0ABC6EC1C74A} = {859C5EF4-B23B-4018-BCA7-8E4EFA8D0A87}
		{EA874F5E-DC15-4B8A-9422-FF7A3BFEF441} = {F1BF1115-7B85-4971-B118-9F5356E9543B}
		{471907FA-5F38-486E-AFCC-4AC74AAA8888} = {F1BF1115-7B85-4971-B118-9F5356E9543B}
		{BC91C624-BB43-475A-8535-75D3D0773B3F} = {F1BF1115-7B85-4971-B118-9F5356E9543B}
		{730F502D-BE89-4770-9817-9741CE986736} = {859C5EF4-B23B-4018-BCA7-8E4EFA8D0A87}
		{A48B4D6C-E300-4E16-91F6-42246C8F8F7A} = {F1BF1115-7B85-4971-B118-9F5356E9543B}
		{95E93002-746D-454B-BE50-4F8A26ECDC5B} = {F1BF1115-7B85-4971-B118-9F5356E9543B}
		{F6828B2E-AC81-4811-AFED-5C62F5EF56BD} = {F1BF1115-7B85-4971-B118-9F5356E9543B}
		{2483C41D-2BF8-42E3-87A2-00201040AAAD} = {F1BF1115-7B85-4971-B118-9F5356E9543B}
		{B0673FC7-DD85-4330-8DC8-DC41256F4843} = {F1BF1115-7B85-4971-B118-9F5356E9543B}
		{3E1AB732-67C6-4210-B91F-F22F5100EE05} = {F1BF1115-7B85-4971-B118-9F5356E9543B}
		{46C49C87-9557-4F19-AE3D-29ADEACA1A58} = {F1BF1115-7B85-4971-B118-9F5356E9543B}
		{7331CE10-3C4E-479A-ABA5-E1EE38F954B0} = {566F6413-A523-4F3A-B915-1FD99E3680BB}
		{3483C4B0-282A-45A4-98E9-415B82B4EA44} = {859C5EF4-B23B-4018-BCA7-8E4EFA8D0A87}
		{4455C438-C1EE-450F-B047-768B0638500E} = {604DA44D-BF35-405D-97B5-58F5883EEA6C}
		{3D4DE00C-AE34-43C5-BA43-FBC161F4B480} = {859C5EF4-B23B-4018-BCA7-8E4EFA8D0A87}
		{E9A49106-AF89-436F-912F-89F87C33D015} = {F1BF1115-7B85-4971-B118-9F5356E9543B}
		{1F1D3712-2B8B-487F-9CF5-C520D07A2960} = {604DA44D-BF35-405D-97B5-58F5883EEA6C}
		{5969603A-ED68-4C0A-BCD6-E04ACC976840} = {604DA44D-BF35-405D-97B5-58F5883EEA6C}
		{FC899DA9-B8CE-48E4-8C4F-CE605781507D} = {F1BF1115-7B85-4971-B118-9F5356E9543B}
		{A745523F-2CE5-4FF6-A21A-EEA0838C7C2F} = {F1BF1115-7B85-4971-B118-9F5356E9543B}
	EndGlobalSection
	GlobalSection(ExtensibilityGlobals) = postSolution
		SolutionGuid = {3DCB6F1B-BC78-403E-BF2D-BF944F097D51}
	EndGlobalSection
EndGlobal
