<?xml version="1.0" encoding="utf-8"?>
<Project ToolsVersion="4.0" xmlns="http://schemas.microsoft.com/developer/msbuild/2003">
  <ItemGroup>
    <Filter Include="리소스 파일">
      <UniqueIdentifier>{67DA6AB6-F800-4c08-8B7A-83BB121AAD01}</UniqueIdentifier>
      <Extensions>rc;ico;cur;bmp;dlg;rc2;rct;bin;rgs;gif;jpg;jpeg;jpe;resx;tiff;tif;png;wav;mfcribbon-ms</Extensions>
    </Filter>
    <Filter Include="User">
      <UniqueIdentifier>{8a4ccf22-b7ec-4542-8826-a7f79fa28fa6}</UniqueIdentifier>
    </Filter>
    <Filter Include="Utility">
      <UniqueIdentifier>{af62b088-17ad-455b-ac7e-a9797ac4d411}</UniqueIdentifier>
    </Filter>
    <Filter Include="StudentManager">
      <UniqueIdentifier>{1c831b6e-c906-4354-a2d1-c0805e591d89}</UniqueIdentifier>
    </Filter>
    <Filter Include="LinkedList">
      <UniqueIdentifier>{930449e5-08e5-4606-905a-16c34632990b}</UniqueIdentifier>
    </Filter>
    <Filter Include="Main">
      <UniqueIdentifier>{4FC737F1-C7A5-4376-A066-2A32D752A2FF}</UniqueIdentifier>
      <Extensions>cpp;c;cc;cxx;def;odl;idl;hpj;bat;asm;asmx</Extensions>
    </Filter>
  </ItemGroup>
  <ItemGroup>
    <ClCompile Include="User.cpp">
      <Filter>User</Filter>
    </ClCompile>
    <ClCompile Include="StMgr.cpp">
      <Filter>StudentManager</Filter>
    </ClCompile>
    <ClCompile Include="Main.cpp">
      <Filter>Main</Filter>
    </ClCompile>
    <ClCompile Include="LinkedList.inl">
      <Filter>LinkedList</Filter>
    </ClCompile>
    <ClCompile Include="Utility.cpp">
      <Filter>Utility</Filter>
    </ClCompile>
  </ItemGroup>
  <ItemGroup>
    <ClInclude Include="User.h">
      <Filter>User</Filter>
    </ClInclude>
    <ClInclude Include="Utility.h">
      <Filter>Utility</Filter>
    </ClInclude>
    <ClInclude Include="StMgr.h">
      <Filter>StudentManager</Filter>
    </ClInclude>
    <ClInclude Include="LinkedList.h">
      <Filter>LinkedList</Filter>
    </ClInclude>
  </ItemGroup>
</Project>