<?xml version="1.0" encoding="utf-8"?>
<Project ToolsVersion="4.0" xmlns="http://schemas.microsoft.com/developer/msbuild/2003">
  <ItemGroup>
    <Filter Include="리소스 파일">
      <UniqueIdentifier>{67DA6AB6-F800-4c08-8B7A-83BB121AAD01}</UniqueIdentifier>
      <Extensions>rc;ico;cur;bmp;dlg;rc2;rct;bin;rgs;gif;jpg;jpeg;jpe;resx;tiff;tif;png;wav;mfcribbon-ms</Extensions>
    </Filter>
    <Filter Include="hash_map">
      <UniqueIdentifier>{99bab8a9-48b0-4d6b-978f-21c15c6a2062}</UniqueIdentifier>
    </Filter>
    <Filter Include="iterator">
      <UniqueIdentifier>{2c8adb03-9d4f-4b3e-940f-c291adabea15}</UniqueIdentifier>
    </Filter>
  </ItemGroup>
  <ItemGroup>
    <ClCompile Include="hash_map.cpp" />
    <ClCompile Include="main.cpp" />
    <ClCompile Include="Iterator.cpp" />
  </ItemGroup>
  <ItemGroup>
    <ClInclude Include="hash_map.h" />
    <ClInclude Include="Iterator.h" />
  </ItemGroup>
</Project>