<?xml version="1.0" encoding="utf-8"?>
<Project ToolsVersion="4.0" xmlns="http://schemas.microsoft.com/developer/msbuild/2003">
  <ItemGroup>
    <Filter Include="소스 파일">
      <UniqueIdentifier>{4FC737F1-C7A5-4376-A066-2A32D752A2FF}</UniqueIdentifier>
      <Extensions>cpp;c;cc;cxx;c++;def;odl;idl;hpj;bat;asm;asmx</Extensions>
    </Filter>
    <Filter Include="헤더 파일">
      <UniqueIdentifier>{93995380-89BD-4b04-88EB-625FBE52EBFB}</UniqueIdentifier>
      <Extensions>h;hh;hpp;hxx;h++;hm;inl;inc;ipp;xsd</Extensions>
    </Filter>
    <Filter Include="리소스 파일">
      <UniqueIdentifier>{67DA6AB6-F800-4c08-8B7A-83BB121AAD01}</UniqueIdentifier>
      <Extensions>rc;ico;cur;bmp;dlg;rc2;rct;bin;rgs;gif;jpg;jpeg;jpe;resx;tiff;tif;png;wav;mfcribbon-ms</Extensions>
    </Filter>
    <Filter Include="02.Scene">
      <UniqueIdentifier>{98eb972d-1b9d-4ec1-9f36-0cf7db650eae}</UniqueIdentifier>
    </Filter>
    <Filter Include="02.Scene\01.Layer">
      <UniqueIdentifier>{8d04f6ee-6b78-4314-a0d2-dbb7be89e401}</UniqueIdentifier>
    </Filter>
    <Filter Include="01.Core">
      <UniqueIdentifier>{21eedec0-13a4-4f89-b440-7a17babb3b4c}</UniqueIdentifier>
    </Filter>
    <Filter Include="03.Object">
      <UniqueIdentifier>{c1c2471b-abfb-4731-9025-868c38fbf6bc}</UniqueIdentifier>
    </Filter>
    <Filter Include="03.Object\01.MoveObj">
      <UniqueIdentifier>{c539bad7-b492-48f5-935e-319a8fe7f1d7}</UniqueIdentifier>
    </Filter>
    <Filter Include="03.Object\02.StaticObj">
      <UniqueIdentifier>{8f7616ee-53c9-412c-acbe-0505ff468087}</UniqueIdentifier>
    </Filter>
    <Filter Include="03.Object\01.MoveObj\01.Player">
      <UniqueIdentifier>{eab5a058-d9ef-47f9-a1fd-e78f8a0a81bd}</UniqueIdentifier>
    </Filter>
    <Filter Include="03.Object\01.MoveObj\02.Monster">
      <UniqueIdentifier>{37fbdc8b-f2ff-4f37-a3e2-1985d3b1f4e2}</UniqueIdentifier>
    </Filter>
    <Filter Include="03.Object\01.MoveObj\03.Bullet">
      <UniqueIdentifier>{adf176c4-30b0-46e0-91e7-8146f93aa3e1}</UniqueIdentifier>
    </Filter>
    <Filter Include="01.Core\02.Path">
      <UniqueIdentifier>{d05dab48-2a97-4808-9c5a-5ff7032f798e}</UniqueIdentifier>
    </Filter>
    <Filter Include="03.Object\02.StaticObj\01.Stage">
      <UniqueIdentifier>{668402cd-cba3-40e2-804a-ea7453a5ad30}</UniqueIdentifier>
    </Filter>
    <Filter Include="01.Core\03.Camera">
      <UniqueIdentifier>{d264a5e3-e658-431d-b80d-8c2e2bab54cf}</UniqueIdentifier>
    </Filter>
    <Filter Include="01.Core\04.Input">
      <UniqueIdentifier>{728dde6b-2eed-48db-a9a6-2e547ba2f1b7}</UniqueIdentifier>
    </Filter>
    <Filter Include="01.Core\01.Timer">
      <UniqueIdentifier>{ca0b0eea-595f-4416-a0e8-f035184bb7f7}</UniqueIdentifier>
    </Filter>
    <Filter Include="05.Colinder">
      <UniqueIdentifier>{a3dc4790-269f-46ca-8824-099e80413241}</UniqueIdentifier>
    </Filter>
    <Filter Include="06.Animation">
      <UniqueIdentifier>{670d3e86-9917-4276-b7bb-8772b39caeae}</UniqueIdentifier>
    </Filter>
    <Filter Include="05.Colinder\04.Resources">
      <UniqueIdentifier>{52b5f7db-4780-49d4-9456-013ab9d460eb}</UniqueIdentifier>
    </Filter>
    <Filter Include="04.UI">
      <UniqueIdentifier>{d0b72f7f-0696-4ac8-a443-b7058fd0aaaa}</UniqueIdentifier>
    </Filter>
  </ItemGroup>
  <ItemGroup>
    <ClInclude Include="include\Game.h">
      <Filter>헤더 파일</Filter>
    </ClInclude>
    <ClInclude Include="include\Macro.h">
      <Filter>헤더 파일</Filter>
    </ClInclude>
    <ClInclude Include="include\resource.h">
      <Filter>헤더 파일</Filter>
    </ClInclude>
    <ClInclude Include="resource.h">
      <Filter>헤더 파일</Filter>
    </ClInclude>
    <ClInclude Include="include\Flag.h">
      <Filter>소스 파일</Filter>
    </ClInclude>
    <ClInclude Include="include\Scene\Layer.h">
      <Filter>02.Scene\01.Layer</Filter>
    </ClInclude>
    <ClInclude Include="include\Scene\CIngameScene.h">
      <Filter>02.Scene</Filter>
    </ClInclude>
    <ClInclude Include="include\Scene\CScene.h">
      <Filter>02.Scene</Filter>
    </ClInclude>
    <ClInclude Include="include\Scene\CSceneManager.h">
      <Filter>02.Scene</Filter>
    </ClInclude>
    <ClInclude Include="include\CCore.h">
      <Filter>01.Core</Filter>
    </ClInclude>
    <ClInclude Include="include\Core\Ref.h">
      <Filter>01.Core</Filter>
    </ClInclude>
    <ClInclude Include="include\Object\Obj.h">
      <Filter>03.Object</Filter>
    </ClInclude>
    <ClInclude Include="include\Object\MoveObj.h">
      <Filter>03.Object\01.MoveObj</Filter>
    </ClInclude>
    <ClInclude Include="include\Object\Mushroom.h">
      <Filter>03.Object\01.MoveObj\02.Monster</Filter>
    </ClInclude>
    <ClInclude Include="include\Object\Bullet.h">
      <Filter>03.Object\01.MoveObj\03.Bullet</Filter>
    </ClInclude>
    <ClInclude Include="include\Resources\ResourcesManager.h">
      <Filter>05.Colinder\04.Resources</Filter>
    </ClInclude>
    <ClInclude Include="include\Core\PathManager.h">
      <Filter>05.Colinder\04.Resources</Filter>
    </ClInclude>
    <ClInclude Include="include\Resources\Texture.h">
      <Filter>05.Colinder\04.Resources</Filter>
    </ClInclude>
    <ClInclude Include="include\Object\Stage.h">
      <Filter>03.Object\02.StaticObj\01.Stage</Filter>
    </ClInclude>
    <ClInclude Include="include\Core\Camera.h">
      <Filter>01.Core\03.Camera</Filter>
    </ClInclude>
    <ClInclude Include="include\Core\Timer.h">
      <Filter>01.Core\01.Timer</Filter>
    </ClInclude>
    <ClInclude Include="include\Collision\Colinder.h">
      <Filter>05.Colinder</Filter>
    </ClInclude>
    <ClInclude Include="include\Collision\ColinderRect.h">
      <Filter>05.Colinder</Filter>
    </ClInclude>
    <ClInclude Include="include\Collision\CollisionManager.h">
      <Filter>05.Colinder</Filter>
    </ClInclude>
    <ClInclude Include="include\Types.h">
      <Filter>헤더 파일</Filter>
    </ClInclude>
    <ClInclude Include="DataTable.h">
      <Filter>헤더 파일</Filter>
    </ClInclude>
    <ClInclude Include="CMath.h">
      <Filter>헤더 파일</Filter>
    </ClInclude>
    <ClInclude Include="Pixel.h">
      <Filter>헤더 파일</Filter>
    </ClInclude>
    <ClInclude Include="CAnimation.h">
      <Filter>헤더 파일</Filter>
    </ClInclude>
    <ClInclude Include="include\Object\UI.h">
      <Filter>04.UI</Filter>
    </ClInclude>
    <ClInclude Include="include\Object\UIPanel.h">
      <Filter>04.UI</Filter>
    </ClInclude>
    <ClInclude Include="StartScene.h">
      <Filter>02.Scene</Filter>
    </ClInclude>
    <ClInclude Include="include\Object\UIButton.h">
      <Filter>04.UI</Filter>
    </ClInclude>
    <ClInclude Include="include\Object\Mouse.h">
      <Filter>03.Object</Filter>
    </ClInclude>
    <ClInclude Include="include\Collision\CollisionPoint.h">
      <Filter>05.Colinder</Filter>
    </ClInclude>
    <ClInclude Include="Ground.h">
      <Filter>03.Object\02.StaticObj</Filter>
    </ClInclude>
    <ClInclude Include="CDungeonScecne.h">
      <Filter>02.Scene</Filter>
    </ClInclude>
    <ClInclude Include="Dungeon.h">
      <Filter>03.Object\02.StaticObj\01.Stage</Filter>
    </ClInclude>
    <ClInclude Include="include\Object\Player.h">
      <Filter>03.Object\01.MoveObj\02.Monster</Filter>
    </ClInclude>
    <ClInclude Include="include\Core\Input.h">
      <Filter>01.Core\04.Input</Filter>
    </ClInclude>
    <ClInclude Include="Rope.h">
      <Filter>03.Object\02.StaticObj</Filter>
    </ClInclude>
    <ClInclude Include="Portal.h">
      <Filter>03.Object\02.StaticObj</Filter>
    </ClInclude>
    <ClInclude Include="CPig.h">
      <Filter>03.Object\01.MoveObj\02.Monster</Filter>
    </ClInclude>
    <ClInclude Include="include\Object\Slime.h">
      <Filter>03.Object\01.MoveObj\02.Monster</Filter>
    </ClInclude>
    <ClInclude Include="include\Object\Monster.h">
      <Filter>03.Object\01.MoveObj\02.Monster</Filter>
    </ClInclude>
    <ClInclude Include="include\Object\Weapon.h">
      <Filter>03.Object\01.MoveObj\01.Player</Filter>
    </ClInclude>
    <ClInclude Include="include\Object\StaticObj.h">
      <Filter>03.Object</Filter>
    </ClInclude>
    <ClInclude Include="DamagePont.h">
      <Filter>헤더 파일</Filter>
    </ClInclude>
    <ClInclude Include="Bar.h">
      <Filter>헤더 파일</Filter>
    </ClInclude>
    <ClInclude Include="CEliniaScene.h">
      <Filter>02.Scene</Filter>
    </ClInclude>
    <ClInclude Include="CHPBar.h">
      <Filter>헤더 파일</Filter>
    </ClInclude>
    <ClInclude Include="CDungeonScene2.h">
      <Filter>02.Scene</Filter>
    </ClInclude>
    <ClInclude Include="CDungeon2.h">
      <Filter>헤더 파일</Filter>
    </ClInclude>
  </ItemGroup>
  <ItemGroup>
    <ResourceCompile Include="AT_lib.rc">
      <Filter>리소스 파일</Filter>
    </ResourceCompile>
  </ItemGroup>
  <ItemGroup>
    <ClCompile Include="include\Scene\Layer.cpp">
      <Filter>02.Scene\01.Layer</Filter>
    </ClCompile>
    <ClCompile Include="include\Scene\CIngameScene.cpp">
      <Filter>02.Scene</Filter>
    </ClCompile>
    <ClCompile Include="include\Scene\CScene.cpp">
      <Filter>02.Scene</Filter>
    </ClCompile>
    <ClCompile Include="include\Scene\CSceneManager.cpp">
      <Filter>02.Scene</Filter>
    </ClCompile>
    <ClCompile Include="include\CCore.cpp">
      <Filter>01.Core</Filter>
    </ClCompile>
    <ClCompile Include="include\Core\Ref.cpp">
      <Filter>01.Core</Filter>
    </ClCompile>
    <ClCompile Include="include\Object\Obj.cpp">
      <Filter>03.Object</Filter>
    </ClCompile>
    <ClCompile Include="include\Object\MoveObj.cpp">
      <Filter>03.Object\01.MoveObj</Filter>
    </ClCompile>
    <ClCompile Include="include\Object\Player.cpp">
      <Filter>03.Object\01.MoveObj\01.Player</Filter>
    </ClCompile>
    <ClCompile Include="include\Object\Mushroom.cpp">
      <Filter>03.Object\01.MoveObj\02.Monster</Filter>
    </ClCompile>
    <ClCompile Include="include\Object\Bullet.cpp">
      <Filter>03.Object\01.MoveObj\03.Bullet</Filter>
    </ClCompile>
    <ClCompile Include="include\Resources\ResourcesManager.cpp">
      <Filter>05.Colinder\04.Resources</Filter>
    </ClCompile>
    <ClCompile Include="include\Core\PathManager.cpp">
      <Filter>05.Colinder\04.Resources</Filter>
    </ClCompile>
    <ClCompile Include="include\Resources\Texture.cpp">
      <Filter>05.Colinder\04.Resources</Filter>
    </ClCompile>
    <ClCompile Include="include\Object\Stage.cpp">
      <Filter>03.Object\02.StaticObj\01.Stage</Filter>
    </ClCompile>
    <ClCompile Include="include\Core\Camera.cpp">
      <Filter>01.Core\03.Camera</Filter>
    </ClCompile>
    <ClCompile Include="include\Core\Timer.cpp">
      <Filter>01.Core\01.Timer</Filter>
    </ClCompile>
    <ClCompile Include="include\Core\Input.cpp">
      <Filter>01.Core\04.Input</Filter>
    </ClCompile>
    <ClCompile Include="include\Collision\Colinder.cpp">
      <Filter>05.Colinder</Filter>
    </ClCompile>
    <ClCompile Include="include\Collision\ColinderRect.cpp">
      <Filter>05.Colinder</Filter>
    </ClCompile>
    <ClCompile Include="include\Collision\CollisionManager.cpp">
      <Filter>05.Colinder</Filter>
    </ClCompile>
    <ClCompile Include="include\Object\StaticObj.cpp">
      <Filter>03.Object\02.StaticObj\01.Stage</Filter>
    </ClCompile>
    <ClCompile Include="CMath.cpp">
      <Filter>소스 파일</Filter>
    </ClCompile>
    <ClCompile Include="Pixel.cpp">
      <Filter>소스 파일</Filter>
    </ClCompile>
    <ClCompile Include="CAnimation.cpp">
      <Filter>06.Animation</Filter>
    </ClCompile>
    <ClCompile Include="include\Object\UI.cpp">
      <Filter>04.UI</Filter>
    </ClCompile>
    <ClCompile Include="include\Object\UIPanel.cpp">
      <Filter>04.UI</Filter>
    </ClCompile>
    <ClCompile Include="StartScene.cpp">
      <Filter>02.Scene</Filter>
    </ClCompile>
    <ClCompile Include="include\Object\UIButton.cpp">
      <Filter>04.UI</Filter>
    </ClCompile>
    <ClCompile Include="include\Object\Mouse.cpp">
      <Filter>03.Object</Filter>
    </ClCompile>
    <ClCompile Include="include\Collision\CollisionPoint.cpp">
      <Filter>05.Colinder</Filter>
    </ClCompile>
    <ClCompile Include="Ground.cpp">
      <Filter>03.Object\02.StaticObj</Filter>
    </ClCompile>
    <ClCompile Include="include\Main.cpp">
      <Filter>소스 파일</Filter>
    </ClCompile>
    <ClCompile Include="CDungeonScecne.cpp">
      <Filter>02.Scene</Filter>
    </ClCompile>
    <ClCompile Include="Dungeon.cpp">
      <Filter>03.Object\02.StaticObj\01.Stage</Filter>
    </ClCompile>
    <ClCompile Include="Rope.cpp">
      <Filter>03.Object\02.StaticObj</Filter>
    </ClCompile>
    <ClCompile Include="Portal.cpp">
      <Filter>03.Object\02.StaticObj</Filter>
    </ClCompile>
    <ClCompile Include="CPig.cpp">
      <Filter>03.Object\01.MoveObj\02.Monster</Filter>
    </ClCompile>
    <ClCompile Include="include\Object\Slime.cpp">
      <Filter>03.Object\01.MoveObj\02.Monster</Filter>
    </ClCompile>
    <ClCompile Include="include\Object\Monster.cpp">
      <Filter>03.Object\01.MoveObj\02.Monster</Filter>
    </ClCompile>
    <ClCompile Include="include\Object\Weapon.cpp">
      <Filter>03.Object\01.MoveObj\01.Player</Filter>
    </ClCompile>
    <ClCompile Include="DamagePont.cpp">
      <Filter>소스 파일</Filter>
    </ClCompile>
    <ClCompile Include="Bar.cpp">
      <Filter>소스 파일</Filter>
    </ClCompile>
    <ClCompile Include="CEliniaScene.cpp">
      <Filter>02.Scene</Filter>
    </ClCompile>
    <ClCompile Include="CHPBar.cpp">
      <Filter>소스 파일</Filter>
    </ClCompile>
    <ClCompile Include="CDungeonScene2.cpp">
      <Filter>02.Scene</Filter>
    </ClCompile>
    <ClCompile Include="CDungeon2.cpp">
      <Filter>소스 파일</Filter>
    </ClCompile>
  </ItemGroup>
  <ItemGroup>
    <Image Include="icon1.ico">
      <Filter>리소스 파일</Filter>
    </Image>
    <Image Include="bitmap1.bmp">
      <Filter>리소스 파일</Filter>
    </Image>
  </ItemGroup>
  <ItemGroup>
    <None Include="cpp.hint" />
    <None Include="HTMLPage.htm" />
  </ItemGroup>
</Project>