<?xml version="1.0" encoding="utf-8"?>
<Project ToolsVersion="4.0" xmlns="http://schemas.microsoft.com/developer/msbuild/2003">
  <ItemGroup>
    <Filter Include="리소스 파일">
      <UniqueIdentifier>{67DA6AB6-F800-4c08-8B7A-83BB121AAD01}</UniqueIdentifier>
      <Extensions>rc;ico;cur;bmp;dlg;rc2;rct;bin;rgs;gif;jpg;jpeg;jpe;resx;tiff;tif;png;wav;mfcribbon-ms</Extensions>
    </Filter>
    <Filter Include="Core">
      <UniqueIdentifier>{1c62ba53-6fff-45f3-ab37-c1ec90ff39f1}</UniqueIdentifier>
    </Filter>
    <Filter Include="Core\Manager">
      <UniqueIdentifier>{65726164-3b8b-4a8e-b222-779e51c8f01d}</UniqueIdentifier>
    </Filter>
    <Filter Include="Core\Manager\SoungMgr">
      <UniqueIdentifier>{2f9b7de3-cb56-4dbe-9d17-0c4e2719b35e}</UniqueIdentifier>
    </Filter>
    <Filter Include="Core\Manager\Input">
      <UniqueIdentifier>{c12daa27-a907-4fb3-bc01-411588f38c20}</UniqueIdentifier>
    </Filter>
    <Filter Include="Core\Example">
      <UniqueIdentifier>{f086f623-4517-4a64-8a65-3c55b18f2c27}</UniqueIdentifier>
    </Filter>
    <Filter Include="Core\Object">
      <UniqueIdentifier>{fef13c28-9dd8-427e-9209-e09a22cb6622}</UniqueIdentifier>
    </Filter>
    <Filter Include="Core\Object\Sound">
      <UniqueIdentifier>{fea6afae-8aee-43d4-a69c-0e7673deadfe}</UniqueIdentifier>
    </Filter>
    <Filter Include="Core\Object\Timer">
      <UniqueIdentifier>{d8fa9b22-79a7-470b-9da8-70076b6e05b5}</UniqueIdentifier>
    </Filter>
    <Filter Include="Core\util">
      <UniqueIdentifier>{dbf82302-5162-4099-a898-2a127c9ecd10}</UniqueIdentifier>
    </Filter>
  </ItemGroup>
  <ItemGroup>
    <ClInclude Include="SoundMgr.h">
      <Filter>Core\Manager\SoungMgr</Filter>
    </ClInclude>
    <ClInclude Include="ObjectSuper.h">
      <Filter>Core\Object</Filter>
    </ClInclude>
    <ClInclude Include="Sound.h">
      <Filter>Core\Object\Sound</Filter>
    </ClInclude>
    <ClInclude Include="Util.h">
      <Filter>Core\util</Filter>
    </ClInclude>
    <ClInclude Include="manager_Interface.h">
      <Filter>Core\Manager</Filter>
    </ClInclude>
    <ClInclude Include="Input.h">
      <Filter>Core\Manager\Input</Filter>
    </ClInclude>
    <ClInclude Include="Core.h">
      <Filter>Core</Filter>
    </ClInclude>
    <ClInclude Include="Timer.h">
      <Filter>Core\Object\Timer</Filter>
    </ClInclude>
    <ClInclude Include="Tester.h">
      <Filter>Core\Example</Filter>
    </ClInclude>
  </ItemGroup>
  <ItemGroup>
    <ClCompile Include="SoundMgr.cpp">
      <Filter>Core\Manager\SoungMgr</Filter>
    </ClCompile>
    <ClCompile Include="Sound.cpp">
      <Filter>Core\Object\Sound</Filter>
    </ClCompile>
    <ClCompile Include="Timer.cpp">
      <Filter>Core\Object\Timer</Filter>
    </ClCompile>
    <ClCompile Include="Main.cpp" />
    <ClCompile Include="Input.cpp">
      <Filter>Core\Manager\Input</Filter>
    </ClCompile>
    <ClCompile Include="Core.cpp">
      <Filter>Core</Filter>
    </ClCompile>
    <ClCompile Include="Tester.cpp">
      <Filter>Core\Example</Filter>
    </ClCompile>
  </ItemGroup>
</Project>